// !$*UTF8*$!
{
	archiveVersion = 1;
	classes = {
	};
	objectVersion = 46;
	objects = {

/* Begin PBXBuildFile section */
		7700C5A6190A79E8005931BB /* ServerList.m in Sources */ = {isa = PBXBuildFile; fileRef = 7700C5A5190A79E8005931BB /* ServerList.m */; };
		770BB1201917A4550030CC86 /* Config.m in Sources */ = {isa = PBXBuildFile; fileRef = 770BB11F1917A4550030CC86 /* Config.m */; };
		771C498F197608AC00445EA5 /* AboutTreeViewController.m in Sources */ = {isa = PBXBuildFile; fileRef = 771C498E197608AC00445EA5 /* AboutTreeViewController.m */; };
		771CD72219198AAE00BA826A /* Messages.m in Sources */ = {isa = PBXBuildFile; fileRef = 771CD72119198AAE00BA826A /* Messages.m */; };
		771CD72519198AFA00BA826A /* DataAsset.m in Sources */ = {isa = PBXBuildFile; fileRef = 771CD72419198AFA00BA826A /* DataAsset.m */; };
		77288B0B18F4A0B500B97131 /* NotificationsTableViewController.m in Sources */ = {isa = PBXBuildFile; fileRef = 77288B0A18F4A0B500B97131 /* NotificationsTableViewController.m */; };
		77288B1318F638E100B97131 /* NSDictionary+QueryString.m in Sources */ = {isa = PBXBuildFile; fileRef = 77288B1218F638E100B97131 /* NSDictionary+QueryString.m */; };
		77288B1618F63A5200B97131 /* NSString+URLEncoding.m in Sources */ = {isa = PBXBuildFile; fileRef = 77288B1518F63A5200B97131 /* NSString+URLEncoding.m */; };
		77288B2B18F899DE00B97131 /* TTTAttributedLabel.m in Sources */ = {isa = PBXBuildFile; fileRef = 77288B2A18F899DE00B97131 /* TTTAttributedLabel.m */; };
		775CF451194A8BD6006DE686 /* AFHTTPRequestOperation.m in Sources */ = {isa = PBXBuildFile; fileRef = 775CF43F194A8BD6006DE686 /* AFHTTPRequestOperation.m */; };
		775CF452194A8BD6006DE686 /* AFHTTPRequestOperationManager.m in Sources */ = {isa = PBXBuildFile; fileRef = 775CF441194A8BD6006DE686 /* AFHTTPRequestOperationManager.m */; };
		775CF453194A8BD6006DE686 /* AFHTTPSessionManager.m in Sources */ = {isa = PBXBuildFile; fileRef = 775CF443194A8BD6006DE686 /* AFHTTPSessionManager.m */; };
		775CF454194A8BD6006DE686 /* AFNetworkReachabilityManager.m in Sources */ = {isa = PBXBuildFile; fileRef = 775CF446194A8BD6006DE686 /* AFNetworkReachabilityManager.m */; };
		775CF455194A8BD6006DE686 /* AFSecurityPolicy.m in Sources */ = {isa = PBXBuildFile; fileRef = 775CF448194A8BD6006DE686 /* AFSecurityPolicy.m */; };
		775CF456194A8BD6006DE686 /* AFURLConnectionOperation.m in Sources */ = {isa = PBXBuildFile; fileRef = 775CF44A194A8BD6006DE686 /* AFURLConnectionOperation.m */; };
		775CF457194A8BD6006DE686 /* AFURLRequestSerialization.m in Sources */ = {isa = PBXBuildFile; fileRef = 775CF44C194A8BD6006DE686 /* AFURLRequestSerialization.m */; };
		775CF458194A8BD6006DE686 /* AFURLResponseSerialization.m in Sources */ = {isa = PBXBuildFile; fileRef = 775CF44E194A8BD6006DE686 /* AFURLResponseSerialization.m */; };
		775CF459194A8BD6006DE686 /* AFURLSessionManager.m in Sources */ = {isa = PBXBuildFile; fileRef = 775CF450194A8BD6006DE686 /* AFURLSessionManager.m */; };
		775CF45C194A8E50006DE686 /* AFHTTPSessionManager+txtbranch.m in Sources */ = {isa = PBXBuildFile; fileRef = 775CF45B194A8E50006DE686 /* AFHTTPSessionManager+txtbranch.m */; };
		7765599B18C8A06F00B9195C /* LaunchViewController.m in Sources */ = {isa = PBXBuildFile; fileRef = 7765599A18C8A06F00B9195C /* LaunchViewController.m */; };
		7765599F18C9682600B9195C /* AuthenticationManager.m in Sources */ = {isa = PBXBuildFile; fileRef = 7765599E18C9682600B9195C /* AuthenticationManager.m */; };
		776A11781936C2660053D0BC /* RootTreesViewController.m in Sources */ = {isa = PBXBuildFile; fileRef = 776A11771936C2660053D0BC /* RootTreesViewController.m */; };
		776B024C190F003200A6DA52 /* TreeFormViewController.m in Sources */ = {isa = PBXBuildFile; fileRef = 776B024B190F003200A6DA52 /* TreeFormViewController.m */; };
		777AD0F718C13EFE00DC5E9F /* Foundation.framework in Frameworks */ = {isa = PBXBuildFile; fileRef = 777AD0F618C13EFE00DC5E9F /* Foundation.framework */; };
		777AD0F918C13EFE00DC5E9F /* CoreGraphics.framework in Frameworks */ = {isa = PBXBuildFile; fileRef = 777AD0F818C13EFE00DC5E9F /* CoreGraphics.framework */; };
		777AD0FB18C13EFE00DC5E9F /* UIKit.framework in Frameworks */ = {isa = PBXBuildFile; fileRef = 777AD0FA18C13EFE00DC5E9F /* UIKit.framework */; };
		777AD10118C13EFE00DC5E9F /* InfoPlist.strings in Resources */ = {isa = PBXBuildFile; fileRef = 777AD0FF18C13EFE00DC5E9F /* InfoPlist.strings */; };
		777AD10318C13EFE00DC5E9F /* main.m in Sources */ = {isa = PBXBuildFile; fileRef = 777AD10218C13EFE00DC5E9F /* main.m */; };
		777AD10718C13EFE00DC5E9F /* AppDelegate.m in Sources */ = {isa = PBXBuildFile; fileRef = 777AD10618C13EFE00DC5E9F /* AppDelegate.m */; };
		777AD10A18C13EFE00DC5E9F /* Main.storyboard in Resources */ = {isa = PBXBuildFile; fileRef = 777AD10818C13EFE00DC5E9F /* Main.storyboard */; };
		777AD10D18C13EFE00DC5E9F /* BranchViewController.m in Sources */ = {isa = PBXBuildFile; fileRef = 777AD10C18C13EFE00DC5E9F /* BranchViewController.m */; };
		777AD10F18C13EFE00DC5E9F /* Images.xcassets in Resources */ = {isa = PBXBuildFile; fileRef = 777AD10E18C13EFE00DC5E9F /* Images.xcassets */; };
		777AD11618C13EFE00DC5E9F /* XCTest.framework in Frameworks */ = {isa = PBXBuildFile; fileRef = 777AD11518C13EFE00DC5E9F /* XCTest.framework */; };
		777AD11718C13EFE00DC5E9F /* Foundation.framework in Frameworks */ = {isa = PBXBuildFile; fileRef = 777AD0F618C13EFE00DC5E9F /* Foundation.framework */; };
		777AD11818C13EFE00DC5E9F /* UIKit.framework in Frameworks */ = {isa = PBXBuildFile; fileRef = 777AD0FA18C13EFE00DC5E9F /* UIKit.framework */; };
		777AD12018C13EFE00DC5E9F /* InfoPlist.strings in Resources */ = {isa = PBXBuildFile; fileRef = 777AD11E18C13EFE00DC5E9F /* InfoPlist.strings */; };
		777AD12218C13EFE00DC5E9F /* txtbranchTests.m in Sources */ = {isa = PBXBuildFile; fileRef = 777AD12118C13EFE00DC5E9F /* txtbranchTests.m */; };
		777AD1AC18C16EEC00DC5E9F /* libxml2.dylib in Frameworks */ = {isa = PBXBuildFile; fileRef = 777AD1AB18C16EEC00DC5E9F /* libxml2.dylib */; };
		777AD1AE18C1707200DC5E9F /* libz.dylib in Frameworks */ = {isa = PBXBuildFile; fileRef = 777AD1AD18C1707200DC5E9F /* libz.dylib */; };
		777AD1BC18C57D0200DC5E9F /* TBTextView.m in Sources */ = {isa = PBXBuildFile; fileRef = 777AD1BB18C57D0200DC5E9F /* TBTextView.m */; };
		777AD1BF18C5819A00DC5E9F /* BranchTableViewCell.m in Sources */ = {isa = PBXBuildFile; fileRef = 777AD1BE18C5819A00DC5E9F /* BranchTableViewCell.m */; };
		777AD1C218C5F81800DC5E9F /* SignInViewController.m in Sources */ = {isa = PBXBuildFile; fileRef = 777AD1C118C5F81800DC5E9F /* SignInViewController.m */; };
		777AD1C718C6BF6C00DC5E9F /* NSURL+txtbranch.m in Sources */ = {isa = PBXBuildFile; fileRef = 777AD1C618C6BF6C00DC5E9F /* NSURL+txtbranch.m */; };
		777AD1CB18C6CAC400DC5E9F /* UsernameViewController.m in Sources */ = {isa = PBXBuildFile; fileRef = 777AD1CA18C6CAC400DC5E9F /* UsernameViewController.m */; };
		777F673318E515F8004093A8 /* UIView+Ext.m in Sources */ = {isa = PBXBuildFile; fileRef = 777F673218E515F8004093A8 /* UIView+Ext.m */; };
		77814E5E191D82290063877A /* NotificationFormatter.m in Sources */ = {isa = PBXBuildFile; fileRef = 77814E5D191D82290063877A /* NotificationFormatter.m */; };
		77814E60191D83F60063877A /* NotificationFormatterTests.m in Sources */ = {isa = PBXBuildFile; fileRef = 77814E5F191D83F60063877A /* NotificationFormatterTests.m */; };
		77814E62191D840D0063877A /* notifications.json in Resources */ = {isa = PBXBuildFile; fileRef = 77814E61191D840D0063877A /* notifications.json */; };
		778236A3190B514C003018DC /* ServerFormViewController.m in Sources */ = {isa = PBXBuildFile; fileRef = 778236A2190B514C003018DC /* ServerFormViewController.m */; };
		7783350718C81DA0008375A6 /* TreesViewController.m in Sources */ = {isa = PBXBuildFile; fileRef = 7783350618C81DA0008375A6 /* TreesViewController.m */; };
		77A41882192EA8E40058CE13 /* BranchFormViewController.m in Sources */ = {isa = PBXBuildFile; fileRef = 77A41881192EA8E40058CE13 /* BranchFormViewController.m */; };
		77A418851935404B0058CE13 /* UserViewController.m in Sources */ = {isa = PBXBuildFile; fileRef = 77A418841935404B0058CE13 /* UserViewController.m */; };
		77ACC40218C9EC6900CE03CA /* KeychainItemWrapper.m in Sources */ = {isa = PBXBuildFile; fileRef = 77ACC40118C9EC6900CE03CA /* KeychainItemWrapper.m */; settings = {COMPILER_FLAGS = "-fno-objc-arc"; }; };
		77ACC40818CA4B5D00CE03CA /* LoginTableViewController.m in Sources */ = {isa = PBXBuildFile; fileRef = 77ACC40718CA4B5D00CE03CA /* LoginTableViewController.m */; };
		77B5DA7C19002BE100DDDB00 /* Tree.m in Sources */ = {isa = PBXBuildFile; fileRef = 77B5DA7B19002BE100DDDB00 /* Tree.m */; };
		77B5DA801904BE9400DDDB00 /* UIAlertView+Block.m in Sources */ = {isa = PBXBuildFile; fileRef = 77B5DA7F1904BE9400DDDB00 /* UIAlertView+Block.m */; };
		77C8BE64194162F600D061A6 /* LICENSE in Resources */ = {isa = PBXBuildFile; fileRef = 77C8BE5E194162F600D061A6 /* LICENSE */; };
		77C8BE65194162F600D061A6 /* NSDate+TimeAgo.m in Sources */ = {isa = PBXBuildFile; fileRef = 77C8BE60194162F600D061A6 /* NSDate+TimeAgo.m */; };
		77C8BE66194162F600D061A6 /* NSDate+TimeAgo.podspec in Resources */ = {isa = PBXBuildFile; fileRef = 77C8BE61194162F600D061A6 /* NSDate+TimeAgo.podspec */; };
		77C8BE67194162F600D061A6 /* NSDateTimeAgo.bundle in Resources */ = {isa = PBXBuildFile; fileRef = 77C8BE62194162F600D061A6 /* NSDateTimeAgo.bundle */; };
		77C8BE68194162F600D061A6 /* README.md in Resources */ = {isa = PBXBuildFile; fileRef = 77C8BE63194162F600D061A6 /* README.md */; };
		77CF293F1924497900D0A1DE /* AboutViewController.m in Sources */ = {isa = PBXBuildFile; fileRef = 77CF293E1924497900D0A1DE /* AboutViewController.m */; };
		77CF29411925800900D0A1DE /* MessageUI.framework in Frameworks */ = {isa = PBXBuildFile; fileRef = 77CF29401925800900D0A1DE /* MessageUI.framework */; };
		77CF294419264C1F00D0A1DE /* VersionKeychainItem.m in Sources */ = {isa = PBXBuildFile; fileRef = 77CF294319264C1F00D0A1DE /* VersionKeychainItem.m */; };
		77CF294619264D4B00D0A1DE /* VersionKeychainItemTests.m in Sources */ = {isa = PBXBuildFile; fileRef = 77CF294519264D4B00D0A1DE /* VersionKeychainItemTests.m */; };
		77E0F849193FF30A00902DA5 /* QueryableList.m in Sources */ = {isa = PBXBuildFile; fileRef = 77E0F848193FF30A00902DA5 /* QueryableList.m */; };
		77E0F84C193FF69700902DA5 /* Inbox.m in Sources */ = {isa = PBXBuildFile; fileRef = 77E0F84B193FF69700902DA5 /* Inbox.m */; };
		77E0F84F1940A2AC00902DA5 /* InboxTableViewController.m in Sources */ = {isa = PBXBuildFile; fileRef = 77E0F84E1940A2AC00902DA5 /* InboxTableViewController.m */; };
		77FD9CAC1909B68900596D65 /* ServersTableViewController.m in Sources */ = {isa = PBXBuildFile; fileRef = 77FD9CAB1909B68900596D65 /* ServersTableViewController.m */; };
/* End PBXBuildFile section */

/* Begin PBXContainerItemProxy section */
		777AD11918C13EFE00DC5E9F /* PBXContainerItemProxy */ = {
			isa = PBXContainerItemProxy;
			containerPortal = 777AD0EB18C13EFD00DC5E9F /* Project object */;
			proxyType = 1;
			remoteGlobalIDString = 777AD0F218C13EFE00DC5E9F;
			remoteInfo = txtbranch;
		};
/* End PBXContainerItemProxy section */

/* Begin PBXFileReference section */
		7700C5A4190A79E8005931BB /* ServerList.h */ = {isa = PBXFileReference; fileEncoding = 4; lastKnownFileType = sourcecode.c.h; path = ServerList.h; sourceTree = "<group>"; };
		7700C5A5190A79E8005931BB /* ServerList.m */ = {isa = PBXFileReference; fileEncoding = 4; lastKnownFileType = sourcecode.c.objc; path = ServerList.m; sourceTree = "<group>"; };
		770BB11E1917A4550030CC86 /* Config.h */ = {isa = PBXFileReference; fileEncoding = 4; lastKnownFileType = sourcecode.c.h; path = Config.h; sourceTree = "<group>"; };
		770BB11F1917A4550030CC86 /* Config.m */ = {isa = PBXFileReference; fileEncoding = 4; lastKnownFileType = sourcecode.c.objc; path = Config.m; sourceTree = "<group>"; };
		771C498D197608AC00445EA5 /* AboutTreeViewController.h */ = {isa = PBXFileReference; fileEncoding = 4; lastKnownFileType = sourcecode.c.h; path = AboutTreeViewController.h; sourceTree = "<group>"; };
		771C498E197608AC00445EA5 /* AboutTreeViewController.m */ = {isa = PBXFileReference; fileEncoding = 4; lastKnownFileType = sourcecode.c.objc; path = AboutTreeViewController.m; sourceTree = "<group>"; };
		771CD72019198AAE00BA826A /* Messages.h */ = {isa = PBXFileReference; fileEncoding = 4; lastKnownFileType = sourcecode.c.h; path = Messages.h; sourceTree = "<group>"; };
		771CD72119198AAE00BA826A /* Messages.m */ = {isa = PBXFileReference; fileEncoding = 4; lastKnownFileType = sourcecode.c.objc; path = Messages.m; sourceTree = "<group>"; };
		771CD72319198AFA00BA826A /* DataAsset.h */ = {isa = PBXFileReference; fileEncoding = 4; lastKnownFileType = sourcecode.c.h; path = DataAsset.h; sourceTree = "<group>"; };
		771CD72419198AFA00BA826A /* DataAsset.m */ = {isa = PBXFileReference; fileEncoding = 4; lastKnownFileType = sourcecode.c.objc; path = DataAsset.m; sourceTree = "<group>"; };
		77288B0918F4A0B500B97131 /* NotificationsTableViewController.h */ = {isa = PBXFileReference; fileEncoding = 4; lastKnownFileType = sourcecode.c.h; path = NotificationsTableViewController.h; sourceTree = "<group>"; };
		77288B0A18F4A0B500B97131 /* NotificationsTableViewController.m */ = {isa = PBXFileReference; fileEncoding = 4; lastKnownFileType = sourcecode.c.objc; path = NotificationsTableViewController.m; sourceTree = "<group>"; };
		77288B1118F638E100B97131 /* NSDictionary+QueryString.h */ = {isa = PBXFileReference; fileEncoding = 4; lastKnownFileType = sourcecode.c.h; path = "NSDictionary+QueryString.h"; sourceTree = "<group>"; };
		77288B1218F638E100B97131 /* NSDictionary+QueryString.m */ = {isa = PBXFileReference; fileEncoding = 4; lastKnownFileType = sourcecode.c.objc; path = "NSDictionary+QueryString.m"; sourceTree = "<group>"; };
		77288B1418F63A5200B97131 /* NSString+URLEncoding.h */ = {isa = PBXFileReference; fileEncoding = 4; lastKnownFileType = sourcecode.c.h; path = "NSString+URLEncoding.h"; sourceTree = "<group>"; };
		77288B1518F63A5200B97131 /* NSString+URLEncoding.m */ = {isa = PBXFileReference; fileEncoding = 4; lastKnownFileType = sourcecode.c.objc; path = "NSString+URLEncoding.m"; sourceTree = "<group>"; };
		77288B2918F899DE00B97131 /* TTTAttributedLabel.h */ = {isa = PBXFileReference; fileEncoding = 4; lastKnownFileType = sourcecode.c.h; path = TTTAttributedLabel.h; sourceTree = "<group>"; };
		77288B2A18F899DE00B97131 /* TTTAttributedLabel.m */ = {isa = PBXFileReference; fileEncoding = 4; lastKnownFileType = sourcecode.c.objc; path = TTTAttributedLabel.m; sourceTree = "<group>"; };
		775CF43E194A8BD6006DE686 /* AFHTTPRequestOperation.h */ = {isa = PBXFileReference; fileEncoding = 4; lastKnownFileType = sourcecode.c.h; path = AFHTTPRequestOperation.h; sourceTree = "<group>"; };
		775CF43F194A8BD6006DE686 /* AFHTTPRequestOperation.m */ = {isa = PBXFileReference; fileEncoding = 4; lastKnownFileType = sourcecode.c.objc; path = AFHTTPRequestOperation.m; sourceTree = "<group>"; };
		775CF440194A8BD6006DE686 /* AFHTTPRequestOperationManager.h */ = {isa = PBXFileReference; fileEncoding = 4; lastKnownFileType = sourcecode.c.h; path = AFHTTPRequestOperationManager.h; sourceTree = "<group>"; };
		775CF441194A8BD6006DE686 /* AFHTTPRequestOperationManager.m */ = {isa = PBXFileReference; fileEncoding = 4; lastKnownFileType = sourcecode.c.objc; path = AFHTTPRequestOperationManager.m; sourceTree = "<group>"; };
		775CF442194A8BD6006DE686 /* AFHTTPSessionManager.h */ = {isa = PBXFileReference; fileEncoding = 4; lastKnownFileType = sourcecode.c.h; path = AFHTTPSessionManager.h; sourceTree = "<group>"; };
		775CF443194A8BD6006DE686 /* AFHTTPSessionManager.m */ = {isa = PBXFileReference; fileEncoding = 4; lastKnownFileType = sourcecode.c.objc; path = AFHTTPSessionManager.m; sourceTree = "<group>"; };
		775CF444194A8BD6006DE686 /* AFNetworking.h */ = {isa = PBXFileReference; fileEncoding = 4; lastKnownFileType = sourcecode.c.h; path = AFNetworking.h; sourceTree = "<group>"; };
		775CF445194A8BD6006DE686 /* AFNetworkReachabilityManager.h */ = {isa = PBXFileReference; fileEncoding = 4; lastKnownFileType = sourcecode.c.h; path = AFNetworkReachabilityManager.h; sourceTree = "<group>"; };
		775CF446194A8BD6006DE686 /* AFNetworkReachabilityManager.m */ = {isa = PBXFileReference; fileEncoding = 4; lastKnownFileType = sourcecode.c.objc; path = AFNetworkReachabilityManager.m; sourceTree = "<group>"; };
		775CF447194A8BD6006DE686 /* AFSecurityPolicy.h */ = {isa = PBXFileReference; fileEncoding = 4; lastKnownFileType = sourcecode.c.h; path = AFSecurityPolicy.h; sourceTree = "<group>"; };
		775CF448194A8BD6006DE686 /* AFSecurityPolicy.m */ = {isa = PBXFileReference; fileEncoding = 4; lastKnownFileType = sourcecode.c.objc; path = AFSecurityPolicy.m; sourceTree = "<group>"; };
		775CF449194A8BD6006DE686 /* AFURLConnectionOperation.h */ = {isa = PBXFileReference; fileEncoding = 4; lastKnownFileType = sourcecode.c.h; path = AFURLConnectionOperation.h; sourceTree = "<group>"; };
		775CF44A194A8BD6006DE686 /* AFURLConnectionOperation.m */ = {isa = PBXFileReference; fileEncoding = 4; lastKnownFileType = sourcecode.c.objc; path = AFURLConnectionOperation.m; sourceTree = "<group>"; };
		775CF44B194A8BD6006DE686 /* AFURLRequestSerialization.h */ = {isa = PBXFileReference; fileEncoding = 4; lastKnownFileType = sourcecode.c.h; path = AFURLRequestSerialization.h; sourceTree = "<group>"; };
		775CF44C194A8BD6006DE686 /* AFURLRequestSerialization.m */ = {isa = PBXFileReference; fileEncoding = 4; lastKnownFileType = sourcecode.c.objc; path = AFURLRequestSerialization.m; sourceTree = "<group>"; };
		775CF44D194A8BD6006DE686 /* AFURLResponseSerialization.h */ = {isa = PBXFileReference; fileEncoding = 4; lastKnownFileType = sourcecode.c.h; path = AFURLResponseSerialization.h; sourceTree = "<group>"; };
		775CF44E194A8BD6006DE686 /* AFURLResponseSerialization.m */ = {isa = PBXFileReference; fileEncoding = 4; lastKnownFileType = sourcecode.c.objc; path = AFURLResponseSerialization.m; sourceTree = "<group>"; };
		775CF44F194A8BD6006DE686 /* AFURLSessionManager.h */ = {isa = PBXFileReference; fileEncoding = 4; lastKnownFileType = sourcecode.c.h; path = AFURLSessionManager.h; sourceTree = "<group>"; };
		775CF450194A8BD6006DE686 /* AFURLSessionManager.m */ = {isa = PBXFileReference; fileEncoding = 4; lastKnownFileType = sourcecode.c.objc; path = AFURLSessionManager.m; sourceTree = "<group>"; };
		775CF45A194A8E50006DE686 /* AFHTTPSessionManager+txtbranch.h */ = {isa = PBXFileReference; fileEncoding = 4; lastKnownFileType = sourcecode.c.h; path = "AFHTTPSessionManager+txtbranch.h"; sourceTree = "<group>"; };
		775CF45B194A8E50006DE686 /* AFHTTPSessionManager+txtbranch.m */ = {isa = PBXFileReference; fileEncoding = 4; lastKnownFileType = sourcecode.c.objc; path = "AFHTTPSessionManager+txtbranch.m"; sourceTree = "<group>"; };
		7765599918C8A06F00B9195C /* LaunchViewController.h */ = {isa = PBXFileReference; fileEncoding = 4; lastKnownFileType = sourcecode.c.h; path = LaunchViewController.h; sourceTree = "<group>"; };
		7765599A18C8A06F00B9195C /* LaunchViewController.m */ = {isa = PBXFileReference; fileEncoding = 4; lastKnownFileType = sourcecode.c.objc; path = LaunchViewController.m; sourceTree = "<group>"; };
		7765599D18C9682600B9195C /* AuthenticationManager.h */ = {isa = PBXFileReference; fileEncoding = 4; lastKnownFileType = sourcecode.c.h; path = AuthenticationManager.h; sourceTree = "<group>"; };
		7765599E18C9682600B9195C /* AuthenticationManager.m */ = {isa = PBXFileReference; fileEncoding = 4; lastKnownFileType = sourcecode.c.objc; path = AuthenticationManager.m; sourceTree = "<group>"; };
		776A11761936C2660053D0BC /* RootTreesViewController.h */ = {isa = PBXFileReference; fileEncoding = 4; lastKnownFileType = sourcecode.c.h; path = RootTreesViewController.h; sourceTree = "<group>"; };
		776A11771936C2660053D0BC /* RootTreesViewController.m */ = {isa = PBXFileReference; fileEncoding = 4; lastKnownFileType = sourcecode.c.objc; path = RootTreesViewController.m; sourceTree = "<group>"; };
		776B024A190F003200A6DA52 /* TreeFormViewController.h */ = {isa = PBXFileReference; fileEncoding = 4; lastKnownFileType = sourcecode.c.h; path = TreeFormViewController.h; sourceTree = "<group>"; };
		776B024B190F003200A6DA52 /* TreeFormViewController.m */ = {isa = PBXFileReference; fileEncoding = 4; lastKnownFileType = sourcecode.c.objc; path = TreeFormViewController.m; sourceTree = "<group>"; };
		777AD0F318C13EFE00DC5E9F /* txtbranch.app */ = {isa = PBXFileReference; explicitFileType = wrapper.application; includeInIndex = 0; path = txtbranch.app; sourceTree = BUILT_PRODUCTS_DIR; };
		777AD0F618C13EFE00DC5E9F /* Foundation.framework */ = {isa = PBXFileReference; lastKnownFileType = wrapper.framework; name = Foundation.framework; path = System/Library/Frameworks/Foundation.framework; sourceTree = SDKROOT; };
		777AD0F818C13EFE00DC5E9F /* CoreGraphics.framework */ = {isa = PBXFileReference; lastKnownFileType = wrapper.framework; name = CoreGraphics.framework; path = System/Library/Frameworks/CoreGraphics.framework; sourceTree = SDKROOT; };
		777AD0FA18C13EFE00DC5E9F /* UIKit.framework */ = {isa = PBXFileReference; lastKnownFileType = wrapper.framework; name = UIKit.framework; path = System/Library/Frameworks/UIKit.framework; sourceTree = SDKROOT; };
		777AD0FE18C13EFE00DC5E9F /* txtbranch-Info.plist */ = {isa = PBXFileReference; lastKnownFileType = text.plist.xml; path = "txtbranch-Info.plist"; sourceTree = "<group>"; };
		777AD10018C13EFE00DC5E9F /* en */ = {isa = PBXFileReference; lastKnownFileType = text.plist.strings; name = en; path = en.lproj/InfoPlist.strings; sourceTree = "<group>"; };
		777AD10218C13EFE00DC5E9F /* main.m */ = {isa = PBXFileReference; lastKnownFileType = sourcecode.c.objc; path = main.m; sourceTree = "<group>"; };
		777AD10418C13EFE00DC5E9F /* txtbranch-Prefix.pch */ = {isa = PBXFileReference; lastKnownFileType = sourcecode.c.h; path = "txtbranch-Prefix.pch"; sourceTree = "<group>"; };
		777AD10518C13EFE00DC5E9F /* AppDelegate.h */ = {isa = PBXFileReference; lastKnownFileType = sourcecode.c.h; path = AppDelegate.h; sourceTree = "<group>"; };
		777AD10618C13EFE00DC5E9F /* AppDelegate.m */ = {isa = PBXFileReference; lastKnownFileType = sourcecode.c.objc; path = AppDelegate.m; sourceTree = "<group>"; };
		777AD10918C13EFE00DC5E9F /* Base */ = {isa = PBXFileReference; lastKnownFileType = file.storyboard; name = Base; path = Base.lproj/Main.storyboard; sourceTree = "<group>"; };
		777AD10B18C13EFE00DC5E9F /* BranchViewController.h */ = {isa = PBXFileReference; lastKnownFileType = sourcecode.c.h; path = BranchViewController.h; sourceTree = "<group>"; };
		777AD10C18C13EFE00DC5E9F /* BranchViewController.m */ = {isa = PBXFileReference; lastKnownFileType = sourcecode.c.objc; path = BranchViewController.m; sourceTree = "<group>"; };
		777AD10E18C13EFE00DC5E9F /* Images.xcassets */ = {isa = PBXFileReference; lastKnownFileType = folder.assetcatalog; path = Images.xcassets; sourceTree = "<group>"; };
		777AD11418C13EFE00DC5E9F /* txtbranchTests.xctest */ = {isa = PBXFileReference; explicitFileType = wrapper.cfbundle; includeInIndex = 0; path = txtbranchTests.xctest; sourceTree = BUILT_PRODUCTS_DIR; };
		777AD11518C13EFE00DC5E9F /* XCTest.framework */ = {isa = PBXFileReference; lastKnownFileType = wrapper.framework; name = XCTest.framework; path = Library/Frameworks/XCTest.framework; sourceTree = DEVELOPER_DIR; };
		777AD11D18C13EFE00DC5E9F /* txtbranchTests-Info.plist */ = {isa = PBXFileReference; lastKnownFileType = text.plist.xml; path = "txtbranchTests-Info.plist"; sourceTree = "<group>"; };
		777AD11F18C13EFE00DC5E9F /* en */ = {isa = PBXFileReference; lastKnownFileType = text.plist.strings; name = en; path = en.lproj/InfoPlist.strings; sourceTree = "<group>"; };
		777AD12118C13EFE00DC5E9F /* txtbranchTests.m */ = {isa = PBXFileReference; lastKnownFileType = sourcecode.c.objc; path = txtbranchTests.m; sourceTree = "<group>"; };
		777AD1AB18C16EEC00DC5E9F /* libxml2.dylib */ = {isa = PBXFileReference; lastKnownFileType = "compiled.mach-o.dylib"; name = libxml2.dylib; path = usr/lib/libxml2.dylib; sourceTree = SDKROOT; };
		777AD1AD18C1707200DC5E9F /* libz.dylib */ = {isa = PBXFileReference; lastKnownFileType = "compiled.mach-o.dylib"; name = libz.dylib; path = usr/lib/libz.dylib; sourceTree = SDKROOT; };
		777AD1BA18C57D0200DC5E9F /* TBTextView.h */ = {isa = PBXFileReference; fileEncoding = 4; lastKnownFileType = sourcecode.c.h; path = TBTextView.h; sourceTree = "<group>"; };
		777AD1BB18C57D0200DC5E9F /* TBTextView.m */ = {isa = PBXFileReference; fileEncoding = 4; lastKnownFileType = sourcecode.c.objc; path = TBTextView.m; sourceTree = "<group>"; };
		777AD1BD18C5819A00DC5E9F /* BranchTableViewCell.h */ = {isa = PBXFileReference; fileEncoding = 4; lastKnownFileType = sourcecode.c.h; path = BranchTableViewCell.h; sourceTree = "<group>"; };
		777AD1BE18C5819A00DC5E9F /* BranchTableViewCell.m */ = {isa = PBXFileReference; fileEncoding = 4; lastKnownFileType = sourcecode.c.objc; path = BranchTableViewCell.m; sourceTree = "<group>"; };
		777AD1C018C5F81800DC5E9F /* SignInViewController.h */ = {isa = PBXFileReference; fileEncoding = 4; lastKnownFileType = sourcecode.c.h; path = SignInViewController.h; sourceTree = "<group>"; };
		777AD1C118C5F81800DC5E9F /* SignInViewController.m */ = {isa = PBXFileReference; fileEncoding = 4; lastKnownFileType = sourcecode.c.objc; path = SignInViewController.m; sourceTree = "<group>"; };
		777AD1C518C6BF6C00DC5E9F /* NSURL+txtbranch.h */ = {isa = PBXFileReference; fileEncoding = 4; lastKnownFileType = sourcecode.c.h; path = "NSURL+txtbranch.h"; sourceTree = "<group>"; };
		777AD1C618C6BF6C00DC5E9F /* NSURL+txtbranch.m */ = {isa = PBXFileReference; fileEncoding = 4; lastKnownFileType = sourcecode.c.objc; path = "NSURL+txtbranch.m"; sourceTree = "<group>"; };
		777AD1C918C6CAC400DC5E9F /* UsernameViewController.h */ = {isa = PBXFileReference; fileEncoding = 4; lastKnownFileType = sourcecode.c.h; path = UsernameViewController.h; sourceTree = "<group>"; };
		777AD1CA18C6CAC400DC5E9F /* UsernameViewController.m */ = {isa = PBXFileReference; fileEncoding = 4; lastKnownFileType = sourcecode.c.objc; path = UsernameViewController.m; sourceTree = "<group>"; };
		777F673118E515F8004093A8 /* UIView+Ext.h */ = {isa = PBXFileReference; fileEncoding = 4; lastKnownFileType = sourcecode.c.h; path = "UIView+Ext.h"; sourceTree = "<group>"; };
		777F673218E515F8004093A8 /* UIView+Ext.m */ = {isa = PBXFileReference; fileEncoding = 4; lastKnownFileType = sourcecode.c.objc; path = "UIView+Ext.m"; sourceTree = "<group>"; };
		77814E5C191D82290063877A /* NotificationFormatter.h */ = {isa = PBXFileReference; fileEncoding = 4; lastKnownFileType = sourcecode.c.h; path = NotificationFormatter.h; sourceTree = "<group>"; };
		77814E5D191D82290063877A /* NotificationFormatter.m */ = {isa = PBXFileReference; fileEncoding = 4; lastKnownFileType = sourcecode.c.objc; path = NotificationFormatter.m; sourceTree = "<group>"; };
		77814E5F191D83F60063877A /* NotificationFormatterTests.m */ = {isa = PBXFileReference; fileEncoding = 4; lastKnownFileType = sourcecode.c.objc; path = NotificationFormatterTests.m; sourceTree = "<group>"; };
		77814E61191D840D0063877A /* notifications.json */ = {isa = PBXFileReference; fileEncoding = 4; lastKnownFileType = text.json; path = notifications.json; sourceTree = "<group>"; };
		778236A1190B514C003018DC /* ServerFormViewController.h */ = {isa = PBXFileReference; fileEncoding = 4; lastKnownFileType = sourcecode.c.h; path = ServerFormViewController.h; sourceTree = "<group>"; };
		778236A2190B514C003018DC /* ServerFormViewController.m */ = {isa = PBXFileReference; fileEncoding = 4; lastKnownFileType = sourcecode.c.objc; path = ServerFormViewController.m; sourceTree = "<group>"; };
		7783350518C81DA0008375A6 /* TreesViewController.h */ = {isa = PBXFileReference; fileEncoding = 4; lastKnownFileType = sourcecode.c.h; path = TreesViewController.h; sourceTree = "<group>"; };
		7783350618C81DA0008375A6 /* TreesViewController.m */ = {isa = PBXFileReference; fileEncoding = 4; lastKnownFileType = sourcecode.c.objc; path = TreesViewController.m; sourceTree = "<group>"; };
		77A41880192EA8E40058CE13 /* BranchFormViewController.h */ = {isa = PBXFileReference; fileEncoding = 4; lastKnownFileType = sourcecode.c.h; path = BranchFormViewController.h; sourceTree = "<group>"; };
		77A41881192EA8E40058CE13 /* BranchFormViewController.m */ = {isa = PBXFileReference; fileEncoding = 4; lastKnownFileType = sourcecode.c.objc; path = BranchFormViewController.m; sourceTree = "<group>"; };
		77A418831935404B0058CE13 /* UserViewController.h */ = {isa = PBXFileReference; fileEncoding = 4; lastKnownFileType = sourcecode.c.h; path = UserViewController.h; sourceTree = "<group>"; };
		77A418841935404B0058CE13 /* UserViewController.m */ = {isa = PBXFileReference; fileEncoding = 4; lastKnownFileType = sourcecode.c.objc; path = UserViewController.m; sourceTree = "<group>"; };
		77ACC40018C9EC6900CE03CA /* KeychainItemWrapper.h */ = {isa = PBXFileReference; fileEncoding = 4; lastKnownFileType = sourcecode.c.h; path = KeychainItemWrapper.h; sourceTree = "<group>"; };
		77ACC40118C9EC6900CE03CA /* KeychainItemWrapper.m */ = {isa = PBXFileReference; fileEncoding = 4; lastKnownFileType = sourcecode.c.objc; path = KeychainItemWrapper.m; sourceTree = "<group>"; };
		77ACC40618CA4B5D00CE03CA /* LoginTableViewController.h */ = {isa = PBXFileReference; fileEncoding = 4; lastKnownFileType = sourcecode.c.h; path = LoginTableViewController.h; sourceTree = "<group>"; };
		77ACC40718CA4B5D00CE03CA /* LoginTableViewController.m */ = {isa = PBXFileReference; fileEncoding = 4; lastKnownFileType = sourcecode.c.objc; path = LoginTableViewController.m; sourceTree = "<group>"; };
		77B5DA7A19002BE100DDDB00 /* Tree.h */ = {isa = PBXFileReference; fileEncoding = 4; lastKnownFileType = sourcecode.c.h; path = Tree.h; sourceTree = "<group>"; };
		77B5DA7B19002BE100DDDB00 /* Tree.m */ = {isa = PBXFileReference; fileEncoding = 4; lastKnownFileType = sourcecode.c.objc; path = Tree.m; sourceTree = "<group>"; };
		77B5DA7E1904BE9400DDDB00 /* UIAlertView+Block.h */ = {isa = PBXFileReference; fileEncoding = 4; lastKnownFileType = sourcecode.c.h; path = "UIAlertView+Block.h"; sourceTree = "<group>"; };
		77B5DA7F1904BE9400DDDB00 /* UIAlertView+Block.m */ = {isa = PBXFileReference; fileEncoding = 4; lastKnownFileType = sourcecode.c.objc; path = "UIAlertView+Block.m"; sourceTree = "<group>"; };
		77C8BE5E194162F600D061A6 /* LICENSE */ = {isa = PBXFileReference; fileEncoding = 4; lastKnownFileType = text; path = LICENSE; sourceTree = "<group>"; };
		77C8BE5F194162F600D061A6 /* NSDate+TimeAgo.h */ = {isa = PBXFileReference; fileEncoding = 4; lastKnownFileType = sourcecode.c.h; path = "NSDate+TimeAgo.h"; sourceTree = "<group>"; };
		77C8BE60194162F600D061A6 /* NSDate+TimeAgo.m */ = {isa = PBXFileReference; fileEncoding = 4; lastKnownFileType = sourcecode.c.objc; path = "NSDate+TimeAgo.m"; sourceTree = "<group>"; };
		77C8BE61194162F600D061A6 /* NSDate+TimeAgo.podspec */ = {isa = PBXFileReference; fileEncoding = 4; lastKnownFileType = text; path = "NSDate+TimeAgo.podspec"; sourceTree = "<group>"; };
		77C8BE62194162F600D061A6 /* NSDateTimeAgo.bundle */ = {isa = PBXFileReference; lastKnownFileType = "wrapper.plug-in"; path = NSDateTimeAgo.bundle; sourceTree = "<group>"; };
		77C8BE63194162F600D061A6 /* README.md */ = {isa = PBXFileReference; fileEncoding = 4; lastKnownFileType = text; path = README.md; sourceTree = "<group>"; };
		77CF293D1924497900D0A1DE /* AboutViewController.h */ = {isa = PBXFileReference; fileEncoding = 4; lastKnownFileType = sourcecode.c.h; path = AboutViewController.h; sourceTree = "<group>"; };
		77CF293E1924497900D0A1DE /* AboutViewController.m */ = {isa = PBXFileReference; fileEncoding = 4; lastKnownFileType = sourcecode.c.objc; path = AboutViewController.m; sourceTree = "<group>"; };
		77CF29401925800900D0A1DE /* MessageUI.framework */ = {isa = PBXFileReference; lastKnownFileType = wrapper.framework; name = MessageUI.framework; path = System/Library/Frameworks/MessageUI.framework; sourceTree = SDKROOT; };
		77CF294219264C1F00D0A1DE /* VersionKeychainItem.h */ = {isa = PBXFileReference; fileEncoding = 4; lastKnownFileType = sourcecode.c.h; path = VersionKeychainItem.h; sourceTree = "<group>"; };
		77CF294319264C1F00D0A1DE /* VersionKeychainItem.m */ = {isa = PBXFileReference; fileEncoding = 4; lastKnownFileType = sourcecode.c.objc; path = VersionKeychainItem.m; sourceTree = "<group>"; };
		77CF294519264D4B00D0A1DE /* VersionKeychainItemTests.m */ = {isa = PBXFileReference; fileEncoding = 4; lastKnownFileType = sourcecode.c.objc; path = VersionKeychainItemTests.m; sourceTree = "<group>"; };
		77E0F847193FF30A00902DA5 /* QueryableList.h */ = {isa = PBXFileReference; fileEncoding = 4; lastKnownFileType = sourcecode.c.h; path = QueryableList.h; sourceTree = "<group>"; };
		77E0F848193FF30A00902DA5 /* QueryableList.m */ = {isa = PBXFileReference; fileEncoding = 4; lastKnownFileType = sourcecode.c.objc; path = QueryableList.m; sourceTree = "<group>"; };
		77E0F84A193FF69700902DA5 /* Inbox.h */ = {isa = PBXFileReference; fileEncoding = 4; lastKnownFileType = sourcecode.c.h; path = Inbox.h; sourceTree = "<group>"; };
		77E0F84B193FF69700902DA5 /* Inbox.m */ = {isa = PBXFileReference; fileEncoding = 4; lastKnownFileType = sourcecode.c.objc; path = Inbox.m; sourceTree = "<group>"; };
		77E0F84D1940A2AC00902DA5 /* InboxTableViewController.h */ = {isa = PBXFileReference; fileEncoding = 4; lastKnownFileType = sourcecode.c.h; path = InboxTableViewController.h; sourceTree = "<group>"; };
		77E0F84E1940A2AC00902DA5 /* InboxTableViewController.m */ = {isa = PBXFileReference; fileEncoding = 4; lastKnownFileType = sourcecode.c.objc; path = InboxTableViewController.m; sourceTree = "<group>"; };
		77ED53A41912F21400AD9F4C /* txtbranch.h */ = {isa = PBXFileReference; lastKnownFileType = sourcecode.c.h; path = txtbranch.h; sourceTree = "<group>"; };
		77FD9CAA1909B68900596D65 /* ServersTableViewController.h */ = {isa = PBXFileReference; fileEncoding = 4; lastKnownFileType = sourcecode.c.h; path = ServersTableViewController.h; sourceTree = "<group>"; };
		77FD9CAB1909B68900596D65 /* ServersTableViewController.m */ = {isa = PBXFileReference; fileEncoding = 4; lastKnownFileType = sourcecode.c.objc; path = ServersTableViewController.m; sourceTree = "<group>"; };
/* End PBXFileReference section */

/* Begin PBXFrameworksBuildPhase section */
		777AD0F018C13EFE00DC5E9F /* Frameworks */ = {
			isa = PBXFrameworksBuildPhase;
			buildActionMask = 2147483647;
			files = (
				777AD1AE18C1707200DC5E9F /* libz.dylib in Frameworks */,
				777AD1AC18C16EEC00DC5E9F /* libxml2.dylib in Frameworks */,
				777AD0F918C13EFE00DC5E9F /* CoreGraphics.framework in Frameworks */,
				777AD0FB18C13EFE00DC5E9F /* UIKit.framework in Frameworks */,
				777AD0F718C13EFE00DC5E9F /* Foundation.framework in Frameworks */,
				77CF29411925800900D0A1DE /* MessageUI.framework in Frameworks */,
			);
			runOnlyForDeploymentPostprocessing = 0;
		};
		777AD11118C13EFE00DC5E9F /* Frameworks */ = {
			isa = PBXFrameworksBuildPhase;
			buildActionMask = 2147483647;
			files = (
				777AD11618C13EFE00DC5E9F /* XCTest.framework in Frameworks */,
				777AD11818C13EFE00DC5E9F /* UIKit.framework in Frameworks */,
				777AD11718C13EFE00DC5E9F /* Foundation.framework in Frameworks */,
			);
			runOnlyForDeploymentPostprocessing = 0;
		};
/* End PBXFrameworksBuildPhase section */

/* Begin PBXGroup section */
		771C498C1976087600445EA5 /* About */ = {
			isa = PBXGroup;
			children = (
				771C498D197608AC00445EA5 /* AboutTreeViewController.h */,
				771C498E197608AC00445EA5 /* AboutTreeViewController.m */,
			);
			name = About;
			sourceTree = "<group>";
		};
		77288B0818F4A09600B97131 /* Notifications */ = {
			isa = PBXGroup;
			children = (
				77288B0918F4A0B500B97131 /* NotificationsTableViewController.h */,
				77288B0A18F4A0B500B97131 /* NotificationsTableViewController.m */,
				77E0F84D1940A2AC00902DA5 /* InboxTableViewController.h */,
				77E0F84E1940A2AC00902DA5 /* InboxTableViewController.m */,
				77E0F847193FF30A00902DA5 /* QueryableList.h */,
				77E0F848193FF30A00902DA5 /* QueryableList.m */,
				77E0F84A193FF69700902DA5 /* Inbox.h */,
				77E0F84B193FF69700902DA5 /* Inbox.m */,
			);
			name = Notifications;
			sourceTree = "<group>";
		};
		77288B1018F638E100B97131 /* singly */ = {
			isa = PBXGroup;
			children = (
				77288B1118F638E100B97131 /* NSDictionary+QueryString.h */,
				77288B1218F638E100B97131 /* NSDictionary+QueryString.m */,
				77288B1418F63A5200B97131 /* NSString+URLEncoding.h */,
				77288B1518F63A5200B97131 /* NSString+URLEncoding.m */,
			);
			name = singly;
			path = lib/singly;
			sourceTree = "<group>";
		};
		77288B2818F899DE00B97131 /* TTTAttributedLabel */ = {
			isa = PBXGroup;
			children = (
				77288B2918F899DE00B97131 /* TTTAttributedLabel.h */,
				77288B2A18F899DE00B97131 /* TTTAttributedLabel.m */,
			);
			name = TTTAttributedLabel;
			path = lib/TTTAttributedLabel;
			sourceTree = "<group>";
		};
		775CF43D194A8BD6006DE686 /* AFNetworking */ = {
			isa = PBXGroup;
			children = (
				775CF43E194A8BD6006DE686 /* AFHTTPRequestOperation.h */,
				775CF43F194A8BD6006DE686 /* AFHTTPRequestOperation.m */,
				775CF440194A8BD6006DE686 /* AFHTTPRequestOperationManager.h */,
				775CF441194A8BD6006DE686 /* AFHTTPRequestOperationManager.m */,
				775CF442194A8BD6006DE686 /* AFHTTPSessionManager.h */,
				775CF443194A8BD6006DE686 /* AFHTTPSessionManager.m */,
				775CF444194A8BD6006DE686 /* AFNetworking.h */,
				775CF445194A8BD6006DE686 /* AFNetworkReachabilityManager.h */,
				775CF446194A8BD6006DE686 /* AFNetworkReachabilityManager.m */,
				775CF447194A8BD6006DE686 /* AFSecurityPolicy.h */,
				775CF448194A8BD6006DE686 /* AFSecurityPolicy.m */,
				775CF449194A8BD6006DE686 /* AFURLConnectionOperation.h */,
				775CF44A194A8BD6006DE686 /* AFURLConnectionOperation.m */,
				775CF44B194A8BD6006DE686 /* AFURLRequestSerialization.h */,
				775CF44C194A8BD6006DE686 /* AFURLRequestSerialization.m */,
				775CF44D194A8BD6006DE686 /* AFURLResponseSerialization.h */,
				775CF44E194A8BD6006DE686 /* AFURLResponseSerialization.m */,
				775CF44F194A8BD6006DE686 /* AFURLSessionManager.h */,
				775CF450194A8BD6006DE686 /* AFURLSessionManager.m */,
			);
			name = AFNetworking;
			path = lib/AFNetworking;
			sourceTree = "<group>";
		};
		7765599C18C8A0FD00B9195C /* Branch View */ = {
			isa = PBXGroup;
			children = (
				777AD10B18C13EFE00DC5E9F /* BranchViewController.h */,
				777AD10C18C13EFE00DC5E9F /* BranchViewController.m */,
				777AD1BD18C5819A00DC5E9F /* BranchTableViewCell.h */,
				777AD1BE18C5819A00DC5E9F /* BranchTableViewCell.m */,
				77A41880192EA8E40058CE13 /* BranchFormViewController.h */,
				77A41881192EA8E40058CE13 /* BranchFormViewController.m */,
				777AD1BA18C57D0200DC5E9F /* TBTextView.h */,
				777AD1BB18C57D0200DC5E9F /* TBTextView.m */,
			);
			name = "Branch View";
			sourceTree = "<group>";
		};
		776B0249190F001100A6DA52 /* Trees */ = {
			isa = PBXGroup;
			children = (
				7783350518C81DA0008375A6 /* TreesViewController.h */,
				7783350618C81DA0008375A6 /* TreesViewController.m */,
				776A11761936C2660053D0BC /* RootTreesViewController.h */,
				776A11771936C2660053D0BC /* RootTreesViewController.m */,
				776B024A190F003200A6DA52 /* TreeFormViewController.h */,
				776B024B190F003200A6DA52 /* TreeFormViewController.m */,
			);
			name = Trees;
			sourceTree = "<group>";
		};
		777AD0EA18C13EFD00DC5E9F = {
			isa = PBXGroup;
			children = (
				777AD0FC18C13EFE00DC5E9F /* txtbranch */,
				777AD11B18C13EFE00DC5E9F /* txtbranchTests */,
				777AD0F518C13EFE00DC5E9F /* Frameworks */,
				777AD0F418C13EFE00DC5E9F /* Products */,
			);
			sourceTree = "<group>";
		};
		777AD0F418C13EFE00DC5E9F /* Products */ = {
			isa = PBXGroup;
			children = (
				777AD0F318C13EFE00DC5E9F /* txtbranch.app */,
				777AD11418C13EFE00DC5E9F /* txtbranchTests.xctest */,
			);
			name = Products;
			sourceTree = "<group>";
		};
		777AD0F518C13EFE00DC5E9F /* Frameworks */ = {
			isa = PBXGroup;
			children = (
				77C8BE5D194162F600D061A6 /* NSDate-TimeAgo */,
				77CF29401925800900D0A1DE /* MessageUI.framework */,
				77288B2818F899DE00B97131 /* TTTAttributedLabel */,
				77288B1018F638E100B97131 /* singly */,
				777AD1AD18C1707200DC5E9F /* libz.dylib */,
				775CF43D194A8BD6006DE686 /* AFNetworking */,
				777AD1AB18C16EEC00DC5E9F /* libxml2.dylib */,
				777AD0F618C13EFE00DC5E9F /* Foundation.framework */,
				777AD0F818C13EFE00DC5E9F /* CoreGraphics.framework */,
				777AD0FA18C13EFE00DC5E9F /* UIKit.framework */,
				777AD11518C13EFE00DC5E9F /* XCTest.framework */,
			);
			name = Frameworks;
			sourceTree = "<group>";
		};
		777AD0FC18C13EFE00DC5E9F /* txtbranch */ = {
			isa = PBXGroup;
			children = (
				776B0249190F001100A6DA52 /* Trees */,
				778236A0190B463A003018DC /* Settings */,
				77ED53A41912F21400AD9F4C /* txtbranch.h */,
				777AD10518C13EFE00DC5E9F /* AppDelegate.h */,
				777AD10618C13EFE00DC5E9F /* AppDelegate.m */,
				777AD10818C13EFE00DC5E9F /* Main.storyboard */,
				771C498C1976087600445EA5 /* About */,
				77B5DA7D1904BE5C00DDDB00 /* Utilities */,
				7765599C18C8A0FD00B9195C /* Branch View */,
				777AD1C818C6CAA500DC5E9F /* User */,
				77288B0818F4A09600B97131 /* Notifications */,
				777AD10E18C13EFE00DC5E9F /* Images.xcassets */,
				777AD0FD18C13EFE00DC5E9F /* Supporting Files */,
			);
			path = txtbranch;
			sourceTree = "<group>";
		};
		777AD0FD18C13EFE00DC5E9F /* Supporting Files */ = {
			isa = PBXGroup;
			children = (
				777AD0FE18C13EFE00DC5E9F /* txtbranch-Info.plist */,
				777AD0FF18C13EFE00DC5E9F /* InfoPlist.strings */,
				777AD10218C13EFE00DC5E9F /* main.m */,
				777AD10418C13EFE00DC5E9F /* txtbranch-Prefix.pch */,
			);
			name = "Supporting Files";
			sourceTree = "<group>";
		};
		777AD11B18C13EFE00DC5E9F /* txtbranchTests */ = {
			isa = PBXGroup;
			children = (
				777AD12118C13EFE00DC5E9F /* txtbranchTests.m */,
				77814E5F191D83F60063877A /* NotificationFormatterTests.m */,
				77CF294519264D4B00D0A1DE /* VersionKeychainItemTests.m */,
				77814E61191D840D0063877A /* notifications.json */,
				777AD11C18C13EFE00DC5E9F /* Supporting Files */,
			);
			path = txtbranchTests;
			sourceTree = "<group>";
		};
		777AD11C18C13EFE00DC5E9F /* Supporting Files */ = {
			isa = PBXGroup;
			children = (
				777AD11D18C13EFE00DC5E9F /* txtbranchTests-Info.plist */,
				777AD11E18C13EFE00DC5E9F /* InfoPlist.strings */,
			);
			name = "Supporting Files";
			sourceTree = "<group>";
		};
		777AD1C818C6CAA500DC5E9F /* User */ = {
			isa = PBXGroup;
			children = (
				7765599918C8A06F00B9195C /* LaunchViewController.h */,
				7765599A18C8A06F00B9195C /* LaunchViewController.m */,
				77ACC40618CA4B5D00CE03CA /* LoginTableViewController.h */,
				77ACC40718CA4B5D00CE03CA /* LoginTableViewController.m */,
				777AD1C018C5F81800DC5E9F /* SignInViewController.h */,
				777AD1C118C5F81800DC5E9F /* SignInViewController.m */,
				777AD1C918C6CAC400DC5E9F /* UsernameViewController.h */,
				777AD1CA18C6CAC400DC5E9F /* UsernameViewController.m */,
				77A418831935404B0058CE13 /* UserViewController.h */,
				77A418841935404B0058CE13 /* UserViewController.m */,
			);
			name = User;
			sourceTree = "<group>";
		};
		778236A0190B463A003018DC /* Settings */ = {
			isa = PBXGroup;
			children = (
				77FD9CAA1909B68900596D65 /* ServersTableViewController.h */,
				77FD9CAB1909B68900596D65 /* ServersTableViewController.m */,
				77CF293D1924497900D0A1DE /* AboutViewController.h */,
				77CF293E1924497900D0A1DE /* AboutViewController.m */,
				778236A1190B514C003018DC /* ServerFormViewController.h */,
				778236A2190B514C003018DC /* ServerFormViewController.m */,
			);
			name = Settings;
			sourceTree = "<group>";
		};
		77B5DA7D1904BE5C00DDDB00 /* Utilities */ = {
			isa = PBXGroup;
			children = (
				77B5DA7A19002BE100DDDB00 /* Tree.h */,
				77B5DA7B19002BE100DDDB00 /* Tree.m */,
				771CD72319198AFA00BA826A /* DataAsset.h */,
				771CD72419198AFA00BA826A /* DataAsset.m */,
				770BB11E1917A4550030CC86 /* Config.h */,
				770BB11F1917A4550030CC86 /* Config.m */,
				771CD72019198AAE00BA826A /* Messages.h */,
				771CD72119198AAE00BA826A /* Messages.m */,
				77814E5C191D82290063877A /* NotificationFormatter.h */,
				77814E5D191D82290063877A /* NotificationFormatter.m */,
				7765599D18C9682600B9195C /* AuthenticationManager.h */,
				7765599E18C9682600B9195C /* AuthenticationManager.m */,
				77ACC40018C9EC6900CE03CA /* KeychainItemWrapper.h */,
				77ACC40118C9EC6900CE03CA /* KeychainItemWrapper.m */,
				777AD1C518C6BF6C00DC5E9F /* NSURL+txtbranch.h */,
				777AD1C618C6BF6C00DC5E9F /* NSURL+txtbranch.m */,
				777F673118E515F8004093A8 /* UIView+Ext.h */,
				777F673218E515F8004093A8 /* UIView+Ext.m */,
				77B5DA7E1904BE9400DDDB00 /* UIAlertView+Block.h */,
				77B5DA7F1904BE9400DDDB00 /* UIAlertView+Block.m */,
				7700C5A4190A79E8005931BB /* ServerList.h */,
				7700C5A5190A79E8005931BB /* ServerList.m */,
				77CF294219264C1F00D0A1DE /* VersionKeychainItem.h */,
				77CF294319264C1F00D0A1DE /* VersionKeychainItem.m */,
				775CF45A194A8E50006DE686 /* AFHTTPSessionManager+txtbranch.h */,
				775CF45B194A8E50006DE686 /* AFHTTPSessionManager+txtbranch.m */,
			);
			name = Utilities;
			sourceTree = "<group>";
		};
		77C8BE5D194162F600D061A6 /* NSDate-TimeAgo */ = {
			isa = PBXGroup;
			children = (
				77C8BE5E194162F600D061A6 /* LICENSE */,
				77C8BE5F194162F600D061A6 /* NSDate+TimeAgo.h */,
				77C8BE60194162F600D061A6 /* NSDate+TimeAgo.m */,
				77C8BE61194162F600D061A6 /* NSDate+TimeAgo.podspec */,
				77C8BE62194162F600D061A6 /* NSDateTimeAgo.bundle */,
				77C8BE63194162F600D061A6 /* README.md */,
			);
			name = "NSDate-TimeAgo";
			path = "lib/NSDate-TimeAgo";
			sourceTree = "<group>";
		};
/* End PBXGroup section */

/* Begin PBXNativeTarget section */
		777AD0F218C13EFE00DC5E9F /* txtbranch */ = {
			isa = PBXNativeTarget;
			buildConfigurationList = 777AD12518C13EFE00DC5E9F /* Build configuration list for PBXNativeTarget "txtbranch" */;
			buildPhases = (
				777AD0EF18C13EFE00DC5E9F /* Sources */,
				777AD0F018C13EFE00DC5E9F /* Frameworks */,
				777AD0F118C13EFE00DC5E9F /* Resources */,
			);
			buildRules = (
			);
			dependencies = (
			);
			name = txtbranch;
			productName = txtbranch;
			productReference = 777AD0F318C13EFE00DC5E9F /* txtbranch.app */;
			productType = "com.apple.product-type.application";
		};
		777AD11318C13EFE00DC5E9F /* txtbranchTests */ = {
			isa = PBXNativeTarget;
			buildConfigurationList = 777AD12818C13EFE00DC5E9F /* Build configuration list for PBXNativeTarget "txtbranchTests" */;
			buildPhases = (
				777AD11018C13EFE00DC5E9F /* Sources */,
				777AD11118C13EFE00DC5E9F /* Frameworks */,
				777AD11218C13EFE00DC5E9F /* Resources */,
			);
			buildRules = (
			);
			dependencies = (
				777AD11A18C13EFE00DC5E9F /* PBXTargetDependency */,
			);
			name = txtbranchTests;
			productName = txtbranchTests;
			productReference = 777AD11418C13EFE00DC5E9F /* txtbranchTests.xctest */;
			productType = "com.apple.product-type.bundle.unit-test";
		};
/* End PBXNativeTarget section */

/* Begin PBXProject section */
		777AD0EB18C13EFD00DC5E9F /* Project object */ = {
			isa = PBXProject;
			attributes = {
				LastUpgradeCheck = 0510;
				ORGANIZATIONNAME = Gabicoware;
				TargetAttributes = {
					777AD0F218C13EFE00DC5E9F = {
						DevelopmentTeam = Q257Q56R4S;
						SystemCapabilities = {
							com.apple.BackgroundModes = {
								enabled = 1;
							};
						};
					};
					777AD11318C13EFE00DC5E9F = {
						TestTargetID = 777AD0F218C13EFE00DC5E9F;
					};
				};
			};
			buildConfigurationList = 777AD0EE18C13EFD00DC5E9F /* Build configuration list for PBXProject "txtbranch" */;
			compatibilityVersion = "Xcode 3.2";
			developmentRegion = English;
			hasScannedForEncodings = 0;
			knownRegions = (
				en,
				Base,
			);
			mainGroup = 777AD0EA18C13EFD00DC5E9F;
			productRefGroup = 777AD0F418C13EFE00DC5E9F /* Products */;
			projectDirPath = "";
			projectRoot = "";
			targets = (
				777AD0F218C13EFE00DC5E9F /* txtbranch */,
				777AD11318C13EFE00DC5E9F /* txtbranchTests */,
			);
		};
/* End PBXProject section */

/* Begin PBXResourcesBuildPhase section */
		777AD0F118C13EFE00DC5E9F /* Resources */ = {
			isa = PBXResourcesBuildPhase;
			buildActionMask = 2147483647;
			files = (
				777AD10F18C13EFE00DC5E9F /* Images.xcassets in Resources */,
				77C8BE66194162F600D061A6 /* NSDate+TimeAgo.podspec in Resources */,
				777AD10118C13EFE00DC5E9F /* InfoPlist.strings in Resources */,
				77C8BE68194162F600D061A6 /* README.md in Resources */,
				77C8BE67194162F600D061A6 /* NSDateTimeAgo.bundle in Resources */,
				77C8BE64194162F600D061A6 /* LICENSE in Resources */,
				777AD10A18C13EFE00DC5E9F /* Main.storyboard in Resources */,
			);
			runOnlyForDeploymentPostprocessing = 0;
		};
		777AD11218C13EFE00DC5E9F /* Resources */ = {
			isa = PBXResourcesBuildPhase;
			buildActionMask = 2147483647;
			files = (
				77814E62191D840D0063877A /* notifications.json in Resources */,
				777AD12018C13EFE00DC5E9F /* InfoPlist.strings in Resources */,
			);
			runOnlyForDeploymentPostprocessing = 0;
		};
/* End PBXResourcesBuildPhase section */

/* Begin PBXSourcesBuildPhase section */
		777AD0EF18C13EFE00DC5E9F /* Sources */ = {
			isa = PBXSourcesBuildPhase;
			buildActionMask = 2147483647;
			files = (
				77814E5E191D82290063877A /* NotificationFormatter.m in Sources */,
				77CF294419264C1F00D0A1DE /* VersionKeychainItem.m in Sources */,
				777AD10D18C13EFE00DC5E9F /* BranchViewController.m in Sources */,
				77288B1618F63A5200B97131 /* NSString+URLEncoding.m in Sources */,
				775CF451194A8BD6006DE686 /* AFHTTPRequestOperation.m in Sources */,
				778236A3190B514C003018DC /* ServerFormViewController.m in Sources */,
				777AD1BC18C57D0200DC5E9F /* TBTextView.m in Sources */,
				77ACC40818CA4B5D00CE03CA /* LoginTableViewController.m in Sources */,
				77E0F84F1940A2AC00902DA5 /* InboxTableViewController.m in Sources */,
				775CF453194A8BD6006DE686 /* AFHTTPSessionManager.m in Sources */,
				776A11781936C2660053D0BC /* RootTreesViewController.m in Sources */,
				7765599B18C8A06F00B9195C /* LaunchViewController.m in Sources */,
				77A41882192EA8E40058CE13 /* BranchFormViewController.m in Sources */,
				77ACC40218C9EC6900CE03CA /* KeychainItemWrapper.m in Sources */,
				771C498F197608AC00445EA5 /* AboutTreeViewController.m in Sources */,
				7783350718C81DA0008375A6 /* TreesViewController.m in Sources */,
				775CF452194A8BD6006DE686 /* AFHTTPRequestOperationManager.m in Sources */,
				775CF456194A8BD6006DE686 /* AFURLConnectionOperation.m in Sources */,
				77288B1318F638E100B97131 /* NSDictionary+QueryString.m in Sources */,
				7765599F18C9682600B9195C /* AuthenticationManager.m in Sources */,
				771CD72219198AAE00BA826A /* Messages.m in Sources */,
				777AD1C218C5F81800DC5E9F /* SignInViewController.m in Sources */,
				777AD10718C13EFE00DC5E9F /* AppDelegate.m in Sources */,
				77FD9CAC1909B68900596D65 /* ServersTableViewController.m in Sources */,
				776B024C190F003200A6DA52 /* TreeFormViewController.m in Sources */,
				77B5DA7C19002BE100DDDB00 /* Tree.m in Sources */,
				777AD1CB18C6CAC400DC5E9F /* UsernameViewController.m in Sources */,
				77C8BE65194162F600D061A6 /* NSDate+TimeAgo.m in Sources */,
				77E0F849193FF30A00902DA5 /* QueryableList.m in Sources */,
				77B5DA801904BE9400DDDB00 /* UIAlertView+Block.m in Sources */,
				775CF459194A8BD6006DE686 /* AFURLSessionManager.m in Sources */,
				777AD10318C13EFE00DC5E9F /* main.m in Sources */,
				775CF458194A8BD6006DE686 /* AFURLResponseSerialization.m in Sources */,
				77288B0B18F4A0B500B97131 /* NotificationsTableViewController.m in Sources */,
				77E0F84C193FF69700902DA5 /* Inbox.m in Sources */,
				7700C5A6190A79E8005931BB /* ServerList.m in Sources */,
				771CD72519198AFA00BA826A /* DataAsset.m in Sources */,
				777AD1BF18C5819A00DC5E9F /* BranchTableViewCell.m in Sources */,
				775CF457194A8BD6006DE686 /* AFURLRequestSerialization.m in Sources */,
				770BB1201917A4550030CC86 /* Config.m in Sources */,
				775CF45C194A8E50006DE686 /* AFHTTPSessionManager+txtbranch.m in Sources */,
				775CF454194A8BD6006DE686 /* AFNetworkReachabilityManager.m in Sources */,
				77288B2B18F899DE00B97131 /* TTTAttributedLabel.m in Sources */,
				777AD1C718C6BF6C00DC5E9F /* NSURL+txtbranch.m in Sources */,
				77A418851935404B0058CE13 /* UserViewController.m in Sources */,
				775CF455194A8BD6006DE686 /* AFSecurityPolicy.m in Sources */,
				777F673318E515F8004093A8 /* UIView+Ext.m in Sources */,
				77CF293F1924497900D0A1DE /* AboutViewController.m in Sources */,
			);
			runOnlyForDeploymentPostprocessing = 0;
		};
		777AD11018C13EFE00DC5E9F /* Sources */ = {
			isa = PBXSourcesBuildPhase;
			buildActionMask = 2147483647;
			files = (
				777AD12218C13EFE00DC5E9F /* txtbranchTests.m in Sources */,
				77CF294619264D4B00D0A1DE /* VersionKeychainItemTests.m in Sources */,
				77814E60191D83F60063877A /* NotificationFormatterTests.m in Sources */,
			);
			runOnlyForDeploymentPostprocessing = 0;
		};
/* End PBXSourcesBuildPhase section */

/* Begin PBXTargetDependency section */
		777AD11A18C13EFE00DC5E9F /* PBXTargetDependency */ = {
			isa = PBXTargetDependency;
			target = 777AD0F218C13EFE00DC5E9F /* txtbranch */;
			targetProxy = 777AD11918C13EFE00DC5E9F /* PBXContainerItemProxy */;
		};
/* End PBXTargetDependency section */

/* Begin PBXVariantGroup section */
		777AD0FF18C13EFE00DC5E9F /* InfoPlist.strings */ = {
			isa = PBXVariantGroup;
			children = (
				777AD10018C13EFE00DC5E9F /* en */,
			);
			name = InfoPlist.strings;
			sourceTree = "<group>";
		};
		777AD10818C13EFE00DC5E9F /* Main.storyboard */ = {
			isa = PBXVariantGroup;
			children = (
				777AD10918C13EFE00DC5E9F /* Base */,
			);
			name = Main.storyboard;
			sourceTree = "<group>";
		};
		777AD11E18C13EFE00DC5E9F /* InfoPlist.strings */ = {
			isa = PBXVariantGroup;
			children = (
				777AD11F18C13EFE00DC5E9F /* en */,
			);
			name = InfoPlist.strings;
			sourceTree = "<group>";
		};
/* End PBXVariantGroup section */

/* Begin XCBuildConfiguration section */
		777AD12318C13EFE00DC5E9F /* Debug */ = {
			isa = XCBuildConfiguration;
			buildSettings = {
				ALWAYS_SEARCH_USER_PATHS = NO;
				BUNDLE_SUFFIX = "";
				CLANG_CXX_LANGUAGE_STANDARD = "gnu++0x";
				CLANG_CXX_LIBRARY = "libc++";
				CLANG_ENABLE_MODULES = YES;
				CLANG_ENABLE_OBJC_ARC = YES;
				CLANG_WARN_BOOL_CONVERSION = YES;
				CLANG_WARN_CONSTANT_CONVERSION = YES;
				CLANG_WARN_DIRECT_OBJC_ISA_USAGE = YES_ERROR;
				CLANG_WARN_EMPTY_BODY = YES;
				CLANG_WARN_ENUM_CONVERSION = YES;
				CLANG_WARN_INT_CONVERSION = YES;
				CLANG_WARN_OBJC_ROOT_CLASS = YES_ERROR;
				CLANG_WARN__DUPLICATE_METHOD_MATCH = YES;
				"CODE_SIGN_IDENTITY[sdk=iphoneos*]" = "iPhone Developer";
				COPY_PHASE_STRIP = NO;
				GCC_C_LANGUAGE_STANDARD = gnu99;
				GCC_DYNAMIC_NO_PIC = NO;
				GCC_OPTIMIZATION_LEVEL = 0;
				GCC_PREPROCESSOR_DEFINITIONS = (
					"DEBUG=1",
					"$(inherited)",
				);
				GCC_SYMBOLS_PRIVATE_EXTERN = NO;
				GCC_WARN_64_TO_32_BIT_CONVERSION = YES;
				GCC_WARN_ABOUT_RETURN_TYPE = YES_ERROR;
				GCC_WARN_UNDECLARED_SELECTOR = YES;
				GCC_WARN_UNINITIALIZED_AUTOS = YES;
				GCC_WARN_UNUSED_FUNCTION = YES;
				GCC_WARN_UNUSED_VARIABLE = YES;
				IPHONEOS_DEPLOYMENT_TARGET = 7.0;
				ONLY_ACTIVE_ARCH = YES;
				SDKROOT = iphoneos;
			};
			name = Debug;
		};
		777AD12418C13EFE00DC5E9F /* Release */ = {
			isa = XCBuildConfiguration;
			buildSettings = {
				ALWAYS_SEARCH_USER_PATHS = NO;
				BUNDLE_SUFFIX = "";
				CLANG_CXX_LANGUAGE_STANDARD = "gnu++0x";
				CLANG_CXX_LIBRARY = "libc++";
				CLANG_ENABLE_MODULES = YES;
				CLANG_ENABLE_OBJC_ARC = YES;
				CLANG_WARN_BOOL_CONVERSION = YES;
				CLANG_WARN_CONSTANT_CONVERSION = YES;
				CLANG_WARN_DIRECT_OBJC_ISA_USAGE = YES_ERROR;
				CLANG_WARN_EMPTY_BODY = YES;
				CLANG_WARN_ENUM_CONVERSION = YES;
				CLANG_WARN_INT_CONVERSION = YES;
				CLANG_WARN_OBJC_ROOT_CLASS = YES_ERROR;
				CLANG_WARN__DUPLICATE_METHOD_MATCH = YES;
				"CODE_SIGN_IDENTITY[sdk=iphoneos*]" = "iPhone Developer";
				COPY_PHASE_STRIP = YES;
				ENABLE_NS_ASSERTIONS = NO;
				GCC_C_LANGUAGE_STANDARD = gnu99;
				GCC_WARN_64_TO_32_BIT_CONVERSION = YES;
				GCC_WARN_ABOUT_RETURN_TYPE = YES_ERROR;
				GCC_WARN_UNDECLARED_SELECTOR = YES;
				GCC_WARN_UNINITIALIZED_AUTOS = YES;
				GCC_WARN_UNUSED_FUNCTION = YES;
				GCC_WARN_UNUSED_VARIABLE = YES;
				IPHONEOS_DEPLOYMENT_TARGET = 7.0;
				SDKROOT = iphoneos;
				VALIDATE_PRODUCT = YES;
			};
			name = Release;
		};
		777AD12618C13EFE00DC5E9F /* Debug */ = {
			isa = XCBuildConfiguration;
			buildSettings = {
				ASSETCATALOG_COMPILER_APPICON_NAME = AppIcon;
				ASSETCATALOG_COMPILER_LAUNCHIMAGE_NAME = LaunchImage;
				CODE_SIGN_IDENTITY = "iPhone Developer";
				GCC_PRECOMPILE_PREFIX_HEADER = YES;
				GCC_PREFIX_HEADER = "txtbranch/txtbranch-Prefix.pch";
				HEADER_SEARCH_PATHS = (
					"$(inherited)",
					/Applications/Xcode.app/Contents/Developer/Toolchains/XcodeDefault.xctoolchain/usr/include,
					"${SDK_DIR}/usr/include/libxml2",
				);
				INFOPLIST_FILE = "txtbranch/txtbranch-Info.plist";
				PRODUCT_NAME = "$(TARGET_NAME)$(BUNDLE_SUFFIX)";
				WRAPPER_EXTENSION = app;
			};
			name = Debug;
		};
		777AD12718C13EFE00DC5E9F /* Release */ = {
			isa = XCBuildConfiguration;
			buildSettings = {
				ASSETCATALOG_COMPILER_APPICON_NAME = AppIcon;
				ASSETCATALOG_COMPILER_LAUNCHIMAGE_NAME = LaunchImage;
				CODE_SIGN_IDENTITY = "iPhone Developer";
				GCC_PRECOMPILE_PREFIX_HEADER = YES;
				GCC_PREFIX_HEADER = "txtbranch/txtbranch-Prefix.pch";
				HEADER_SEARCH_PATHS = (
					"$(inherited)",
					/Applications/Xcode.app/Contents/Developer/Toolchains/XcodeDefault.xctoolchain/usr/include,
					"${SDK_DIR}/usr/include/libxml2",
				);
				INFOPLIST_FILE = "txtbranch/txtbranch-Info.plist";
				PRODUCT_NAME = "$(TARGET_NAME)$(BUNDLE_SUFFIX)";
				WRAPPER_EXTENSION = app;
			};
			name = Release;
		};
		777AD12918C13EFE00DC5E9F /* Debug */ = {
			isa = XCBuildConfiguration;
			buildSettings = {
				BUNDLE_LOADER = "$(BUILT_PRODUCTS_DIR)/txtbranch.app/txtbranch";
				FRAMEWORK_SEARCH_PATHS = (
					"$(SDKROOT)/Developer/Library/Frameworks",
					"$(inherited)",
					"$(DEVELOPER_FRAMEWORKS_DIR)",
				);
				GCC_PRECOMPILE_PREFIX_HEADER = YES;
				GCC_PREFIX_HEADER = "txtbranch/txtbranch-Prefix.pch";
				GCC_PREPROCESSOR_DEFINITIONS = (
					"DEBUG=1",
					"$(inherited)",
				);
				INFOPLIST_FILE = "txtbranchTests/txtbranchTests-Info.plist";
				PRODUCT_NAME = "$(TARGET_NAME)";
				TEST_HOST = "$(BUNDLE_LOADER)";
				WRAPPER_EXTENSION = xctest;
			};
			name = Debug;
		};
		777AD12A18C13EFE00DC5E9F /* Release */ = {
			isa = XCBuildConfiguration;
			buildSettings = {
				BUNDLE_LOADER = "$(BUILT_PRODUCTS_DIR)/txtbranch.app/txtbranch";
				FRAMEWORK_SEARCH_PATHS = (
					"$(SDKROOT)/Developer/Library/Frameworks",
					"$(inherited)",
					"$(DEVELOPER_FRAMEWORKS_DIR)",
				);
				GCC_PRECOMPILE_PREFIX_HEADER = YES;
				GCC_PREFIX_HEADER = "txtbranch/txtbranch-Prefix.pch";
				INFOPLIST_FILE = "txtbranchTests/txtbranchTests-Info.plist";
				PRODUCT_NAME = "$(TARGET_NAME)";
				TEST_HOST = "$(BUNDLE_LOADER)";
				WRAPPER_EXTENSION = xctest;
			};
			name = Release;
		};
		77EF4BFE198C3EFE00E3078A /* Debug.S */ = {
			isa = XCBuildConfiguration;
			buildSettings = {
				ALWAYS_SEARCH_USER_PATHS = NO;
				BUNDLE_SUFFIX = .s;
				CLANG_CXX_LANGUAGE_STANDARD = "gnu++0x";
				CLANG_CXX_LIBRARY = "libc++";
				CLANG_ENABLE_MODULES = YES;
				CLANG_ENABLE_OBJC_ARC = YES;
				CLANG_WARN_BOOL_CONVERSION = YES;
				CLANG_WARN_CONSTANT_CONVERSION = YES;
				CLANG_WARN_DIRECT_OBJC_ISA_USAGE = YES_ERROR;
				CLANG_WARN_EMPTY_BODY = YES;
				CLANG_WARN_ENUM_CONVERSION = YES;
				CLANG_WARN_INT_CONVERSION = YES;
				CLANG_WARN_OBJC_ROOT_CLASS = YES_ERROR;
				CLANG_WARN__DUPLICATE_METHOD_MATCH = YES;
				"CODE_SIGN_IDENTITY[sdk=iphoneos*]" = "iPhone Developer";
				COPY_PHASE_STRIP = NO;
				GCC_C_LANGUAGE_STANDARD = gnu99;
				GCC_DYNAMIC_NO_PIC = NO;
				GCC_OPTIMIZATION_LEVEL = 0;
				GCC_PREPROCESSOR_DEFINITIONS = (
					"DEBUG=1",
					"$(inherited)",
				);
				GCC_SYMBOLS_PRIVATE_EXTERN = NO;
				GCC_WARN_64_TO_32_BIT_CONVERSION = YES;
				GCC_WARN_ABOUT_RETURN_TYPE = YES_ERROR;
				GCC_WARN_UNDECLARED_SELECTOR = YES;
				GCC_WARN_UNINITIALIZED_AUTOS = YES;
				GCC_WARN_UNUSED_FUNCTION = YES;
				GCC_WARN_UNUSED_VARIABLE = YES;
				IPHONEOS_DEPLOYMENT_TARGET = 7.0;
				ONLY_ACTIVE_ARCH = YES;
				SDKROOT = iphoneos;
			};
			name = Debug.S;
		};
		77EF4BFF198C3EFE00E3078A /* Debug.S */ = {
			isa = XCBuildConfiguration;
			buildSettings = {
				ASSETCATALOG_COMPILER_APPICON_NAME = AppIcon;
				ASSETCATALOG_COMPILER_LAUNCHIMAGE_NAME = LaunchImage;
				CODE_SIGN_IDENTITY = "iPhone Developer";
				GCC_PRECOMPILE_PREFIX_HEADER = YES;
				GCC_PREFIX_HEADER = "txtbranch/txtbranch-Prefix.pch";
				HEADER_SEARCH_PATHS = (
					"$(inherited)",
					/Applications/Xcode.app/Contents/Developer/Toolchains/XcodeDefault.xctoolchain/usr/include,
					"${SDK_DIR}/usr/include/libxml2",
				);
				INFOPLIST_FILE = "txtbranch/txtbranch-Info.plist";
				PRODUCT_NAME = "$(TARGET_NAME)$(BUNDLE_SUFFIX)";
				WRAPPER_EXTENSION = app;
			};
			name = Debug.S;
		};
		77EF4C00198C3EFE00E3078A /* Debug.S */ = {
			isa = XCBuildConfiguration;
			buildSettings = {
				BUNDLE_LOADER = "$(BUILT_PRODUCTS_DIR)/txtbranch.app/txtbranch";
				FRAMEWORK_SEARCH_PATHS = (
					"$(SDKROOT)/Developer/Library/Frameworks",
					"$(inherited)",
					"$(DEVELOPER_FRAMEWORKS_DIR)",
				);
				GCC_PRECOMPILE_PREFIX_HEADER = YES;
				GCC_PREFIX_HEADER = "txtbranch/txtbranch-Prefix.pch";
				GCC_PREPROCESSOR_DEFINITIONS = (
					"DEBUG=1",
					"$(inherited)",
				);
				INFOPLIST_FILE = "txtbranchTests/txtbranchTests-Info.plist";
				PRODUCT_NAME = "$(TARGET_NAME)";
				TEST_HOST = "$(BUNDLE_LOADER)";
				WRAPPER_EXTENSION = xctest;
			};
			name = Debug.S;
		};
/* End XCBuildConfiguration section */

/* Begin XCConfigurationList section */
		777AD0EE18C13EFD00DC5E9F /* Build configuration list for PBXProject "txtbranch" */ = {
			isa = XCConfigurationList;
			buildConfigurations = (
				777AD12318C13EFE00DC5E9F /* Debug */,
				77EF4BFE198C3EFE00E3078A /* Debug.S */,
				777AD12418C13EFE00DC5E9F /* Release */,
			);
			defaultConfigurationIsVisible = 0;
			defaultConfigurationName = Release;
		};
		777AD12518C13EFE00DC5E9F /* Build configuration list for PBXNativeTarget "txtbranch" */ = {
			isa = XCConfigurationList;
			buildConfigurations = (
				777AD12618C13EFE00DC5E9F /* Debug */,
				77EF4BFF198C3EFE00E3078A /* Debug.S */,
				777AD12718C13EFE00DC5E9F /* Release */,
			);
			defaultConfigurationIsVisible = 0;
			defaultConfigurationName = Release;
		};
		777AD12818C13EFE00DC5E9F /* Build configuration list for PBXNativeTarget "txtbranchTests" */ = {
			isa = XCConfigurationList;
			buildConfigurations = (
				777AD12918C13EFE00DC5E9F /* Debug */,
				77EF4C00198C3EFE00E3078A /* Debug.S */,
				777AD12A18C13EFE00DC5E9F /* Release */,
			);
			defaultConfigurationIsVisible = 0;
			defaultConfigurationName = Release;
		};
/* End XCConfigurationList section */
	};
	rootObject = 777AD0EB18C13EFD00DC5E9F /* Project object */;
}
