// !$*UTF8*$!
{
	archiveVersion = 1;
	classes = {
	};
	objectVersion = 46;
	objects = {

/* Begin PBXBuildFile section */
		7700C5A6190A79E8005931BB /* ServerList.m in Sources */ = {isa = PBXBuildFile; fileRef = 7700C5A5190A79E8005931BB /* ServerList.m */; };
		77288B0B18F4A0B500B97131 /* NotificationsTableViewController.m in Sources */ = {isa = PBXBuildFile; fileRef = 77288B0A18F4A0B500B97131 /* NotificationsTableViewController.m */; };
		77288B1318F638E100B97131 /* NSDictionary+QueryString.m in Sources */ = {isa = PBXBuildFile; fileRef = 77288B1218F638E100B97131 /* NSDictionary+QueryString.m */; };
		77288B1618F63A5200B97131 /* NSString+URLEncoding.m in Sources */ = {isa = PBXBuildFile; fileRef = 77288B1518F63A5200B97131 /* NSString+URLEncoding.m */; };
		77288B2B18F899DE00B97131 /* TTTAttributedLabel.m in Sources */ = {isa = PBXBuildFile; fileRef = 77288B2A18F899DE00B97131 /* TTTAttributedLabel.m */; };
		7765599B18C8A06F00B9195C /* LaunchViewController.m in Sources */ = {isa = PBXBuildFile; fileRef = 7765599A18C8A06F00B9195C /* LaunchViewController.m */; };
		7765599F18C9682600B9195C /* AuthenticationManager.m in Sources */ = {isa = PBXBuildFile; fileRef = 7765599E18C9682600B9195C /* AuthenticationManager.m */; };
		776B024C190F003200A6DA52 /* TreeFormViewController.m in Sources */ = {isa = PBXBuildFile; fileRef = 776B024B190F003200A6DA52 /* TreeFormViewController.m */; };
		777AD0F718C13EFE00DC5E9F /* Foundation.framework in Frameworks */ = {isa = PBXBuildFile; fileRef = 777AD0F618C13EFE00DC5E9F /* Foundation.framework */; };
		777AD0F918C13EFE00DC5E9F /* CoreGraphics.framework in Frameworks */ = {isa = PBXBuildFile; fileRef = 777AD0F818C13EFE00DC5E9F /* CoreGraphics.framework */; };
		777AD0FB18C13EFE00DC5E9F /* UIKit.framework in Frameworks */ = {isa = PBXBuildFile; fileRef = 777AD0FA18C13EFE00DC5E9F /* UIKit.framework */; };
		777AD10118C13EFE00DC5E9F /* InfoPlist.strings in Resources */ = {isa = PBXBuildFile; fileRef = 777AD0FF18C13EFE00DC5E9F /* InfoPlist.strings */; };
		777AD10318C13EFE00DC5E9F /* main.m in Sources */ = {isa = PBXBuildFile; fileRef = 777AD10218C13EFE00DC5E9F /* main.m */; };
		777AD10718C13EFE00DC5E9F /* AppDelegate.m in Sources */ = {isa = PBXBuildFile; fileRef = 777AD10618C13EFE00DC5E9F /* AppDelegate.m */; };
		777AD10A18C13EFE00DC5E9F /* Main.storyboard in Resources */ = {isa = PBXBuildFile; fileRef = 777AD10818C13EFE00DC5E9F /* Main.storyboard */; };
		777AD10D18C13EFE00DC5E9F /* BranchViewController.m in Sources */ = {isa = PBXBuildFile; fileRef = 777AD10C18C13EFE00DC5E9F /* BranchViewController.m */; };
		777AD10F18C13EFE00DC5E9F /* Images.xcassets in Resources */ = {isa = PBXBuildFile; fileRef = 777AD10E18C13EFE00DC5E9F /* Images.xcassets */; };
		777AD11618C13EFE00DC5E9F /* XCTest.framework in Frameworks */ = {isa = PBXBuildFile; fileRef = 777AD11518C13EFE00DC5E9F /* XCTest.framework */; };
		777AD11718C13EFE00DC5E9F /* Foundation.framework in Frameworks */ = {isa = PBXBuildFile; fileRef = 777AD0F618C13EFE00DC5E9F /* Foundation.framework */; };
		777AD11818C13EFE00DC5E9F /* UIKit.framework in Frameworks */ = {isa = PBXBuildFile; fileRef = 777AD0FA18C13EFE00DC5E9F /* UIKit.framework */; };
		777AD12018C13EFE00DC5E9F /* InfoPlist.strings in Resources */ = {isa = PBXBuildFile; fileRef = 777AD11E18C13EFE00DC5E9F /* InfoPlist.strings */; };
		777AD12218C13EFE00DC5E9F /* txtbranchTests.m in Sources */ = {isa = PBXBuildFile; fileRef = 777AD12118C13EFE00DC5E9F /* txtbranchTests.m */; };
		777AD18418C16C3100DC5E9F /* ASIAuthenticationDialog.m in Sources */ = {isa = PBXBuildFile; fileRef = 777AD12D18C16C3100DC5E9F /* ASIAuthenticationDialog.m */; settings = {COMPILER_FLAGS = "-fno-objc-arc"; }; };
		777AD18518C16C3100DC5E9F /* ASIDataCompressor.m in Sources */ = {isa = PBXBuildFile; fileRef = 777AD13018C16C3100DC5E9F /* ASIDataCompressor.m */; settings = {COMPILER_FLAGS = "-fno-objc-arc"; }; };
		777AD18618C16C3100DC5E9F /* ASIDataDecompressor.m in Sources */ = {isa = PBXBuildFile; fileRef = 777AD13218C16C3100DC5E9F /* ASIDataDecompressor.m */; settings = {COMPILER_FLAGS = "-fno-objc-arc"; }; };
		777AD18718C16C3100DC5E9F /* ASIDownloadCache.m in Sources */ = {isa = PBXBuildFile; fileRef = 777AD13418C16C3100DC5E9F /* ASIDownloadCache.m */; settings = {COMPILER_FLAGS = "-fno-objc-arc"; }; };
		777AD18818C16C3100DC5E9F /* ASIFormDataRequest.m in Sources */ = {isa = PBXBuildFile; fileRef = 777AD13618C16C3100DC5E9F /* ASIFormDataRequest.m */; settings = {COMPILER_FLAGS = "-fno-objc-arc"; }; };
		777AD18918C16C3100DC5E9F /* ASIHTTPRequest.m in Sources */ = {isa = PBXBuildFile; fileRef = 777AD13818C16C3100DC5E9F /* ASIHTTPRequest.m */; settings = {COMPILER_FLAGS = "-fno-objc-arc"; }; };
		777AD18A18C16C3100DC5E9F /* ASIInputStream.m in Sources */ = {isa = PBXBuildFile; fileRef = 777AD13C18C16C3100DC5E9F /* ASIInputStream.m */; settings = {COMPILER_FLAGS = "-fno-objc-arc"; }; };
		777AD18B18C16C3100DC5E9F /* ASINetworkQueue.m in Sources */ = {isa = PBXBuildFile; fileRef = 777AD13E18C16C3100DC5E9F /* ASINetworkQueue.m */; settings = {COMPILER_FLAGS = "-fno-objc-arc"; }; };
		777AD18C18C16C3100DC5E9F /* ASIWebPageRequest.m in Sources */ = {isa = PBXBuildFile; fileRef = 777AD14218C16C3100DC5E9F /* ASIWebPageRequest.m */; settings = {COMPILER_FLAGS = "-fno-objc-arc"; }; };
		777AD18D18C16C3100DC5E9F /* ASICloudFilesCDNRequest.m in Sources */ = {isa = PBXBuildFile; fileRef = 777AD14518C16C3100DC5E9F /* ASICloudFilesCDNRequest.m */; settings = {COMPILER_FLAGS = "-fno-objc-arc"; }; };
		777AD18E18C16C3100DC5E9F /* ASICloudFilesContainer.m in Sources */ = {isa = PBXBuildFile; fileRef = 777AD14718C16C3100DC5E9F /* ASICloudFilesContainer.m */; settings = {COMPILER_FLAGS = "-fno-objc-arc"; }; };
		777AD18F18C16C3100DC5E9F /* ASICloudFilesContainerRequest.m in Sources */ = {isa = PBXBuildFile; fileRef = 777AD14918C16C3100DC5E9F /* ASICloudFilesContainerRequest.m */; settings = {COMPILER_FLAGS = "-fno-objc-arc"; }; };
		777AD19018C16C3100DC5E9F /* ASICloudFilesContainerXMLParserDelegate.m in Sources */ = {isa = PBXBuildFile; fileRef = 777AD14B18C16C3100DC5E9F /* ASICloudFilesContainerXMLParserDelegate.m */; settings = {COMPILER_FLAGS = "-fno-objc-arc"; }; };
		777AD19118C16C3100DC5E9F /* ASICloudFilesObject.m in Sources */ = {isa = PBXBuildFile; fileRef = 777AD14D18C16C3100DC5E9F /* ASICloudFilesObject.m */; settings = {COMPILER_FLAGS = "-fno-objc-arc"; }; };
		777AD19218C16C3100DC5E9F /* ASICloudFilesObjectRequest.m in Sources */ = {isa = PBXBuildFile; fileRef = 777AD14F18C16C3100DC5E9F /* ASICloudFilesObjectRequest.m */; settings = {COMPILER_FLAGS = "-fno-objc-arc"; }; };
		777AD19318C16C3100DC5E9F /* ASICloudFilesRequest.m in Sources */ = {isa = PBXBuildFile; fileRef = 777AD15118C16C3100DC5E9F /* ASICloudFilesRequest.m */; settings = {COMPILER_FLAGS = "-fno-objc-arc"; }; };
		777AD19418C16C3100DC5E9F /* ASIS3Bucket.m in Sources */ = {isa = PBXBuildFile; fileRef = 777AD15518C16C3100DC5E9F /* ASIS3Bucket.m */; settings = {COMPILER_FLAGS = "-fno-objc-arc"; }; };
		777AD19518C16C3100DC5E9F /* ASIS3BucketObject.m in Sources */ = {isa = PBXBuildFile; fileRef = 777AD15718C16C3100DC5E9F /* ASIS3BucketObject.m */; settings = {COMPILER_FLAGS = "-fno-objc-arc"; }; };
		777AD19618C16C3100DC5E9F /* ASIS3BucketRequest.m in Sources */ = {isa = PBXBuildFile; fileRef = 777AD15918C16C3100DC5E9F /* ASIS3BucketRequest.m */; settings = {COMPILER_FLAGS = "-fno-objc-arc"; }; };
		777AD19718C16C3100DC5E9F /* ASIS3ObjectRequest.m in Sources */ = {isa = PBXBuildFile; fileRef = 777AD15B18C16C3100DC5E9F /* ASIS3ObjectRequest.m */; settings = {COMPILER_FLAGS = "-fno-objc-arc"; }; };
		777AD19818C16C3100DC5E9F /* ASIS3Request.m in Sources */ = {isa = PBXBuildFile; fileRef = 777AD15D18C16C3100DC5E9F /* ASIS3Request.m */; settings = {COMPILER_FLAGS = "-fno-objc-arc"; }; };
		777AD19918C16C3100DC5E9F /* ASIS3ServiceRequest.m in Sources */ = {isa = PBXBuildFile; fileRef = 777AD15F18C16C3100DC5E9F /* ASIS3ServiceRequest.m */; settings = {COMPILER_FLAGS = "-fno-objc-arc"; }; };
		777AD1AA18C16C3100DC5E9F /* Reachability.m in Sources */ = {isa = PBXBuildFile; fileRef = 777AD18318C16C3100DC5E9F /* Reachability.m */; settings = {COMPILER_FLAGS = "-fno-objc-arc"; }; };
		777AD1AC18C16EEC00DC5E9F /* libxml2.dylib in Frameworks */ = {isa = PBXBuildFile; fileRef = 777AD1AB18C16EEC00DC5E9F /* libxml2.dylib */; };
		777AD1AE18C1707200DC5E9F /* libz.dylib in Frameworks */ = {isa = PBXBuildFile; fileRef = 777AD1AD18C1707200DC5E9F /* libz.dylib */; };
		777AD1BC18C57D0200DC5E9F /* TBTextView.m in Sources */ = {isa = PBXBuildFile; fileRef = 777AD1BB18C57D0200DC5E9F /* TBTextView.m */; };
		777AD1BF18C5819A00DC5E9F /* BranchTableViewCell.m in Sources */ = {isa = PBXBuildFile; fileRef = 777AD1BE18C5819A00DC5E9F /* BranchTableViewCell.m */; };
		777AD1C218C5F81800DC5E9F /* SignInViewController.m in Sources */ = {isa = PBXBuildFile; fileRef = 777AD1C118C5F81800DC5E9F /* SignInViewController.m */; };
		777AD1C718C6BF6C00DC5E9F /* NSURL+txtbranch.m in Sources */ = {isa = PBXBuildFile; fileRef = 777AD1C618C6BF6C00DC5E9F /* NSURL+txtbranch.m */; };
		777AD1CB18C6CAC400DC5E9F /* UsernameViewController.m in Sources */ = {isa = PBXBuildFile; fileRef = 777AD1CA18C6CAC400DC5E9F /* UsernameViewController.m */; };
		777F673318E515F8004093A8 /* UIView+Ext.m in Sources */ = {isa = PBXBuildFile; fileRef = 777F673218E515F8004093A8 /* UIView+Ext.m */; };
		778236A3190B514C003018DC /* AddServerViewController.m in Sources */ = {isa = PBXBuildFile; fileRef = 778236A2190B514C003018DC /* AddServerViewController.m */; };
		7783350718C81DA0008375A6 /* TreesViewController.m in Sources */ = {isa = PBXBuildFile; fileRef = 7783350618C81DA0008375A6 /* TreesViewController.m */; };
		77ACC40218C9EC6900CE03CA /* KeychainItemWrapper.m in Sources */ = {isa = PBXBuildFile; fileRef = 77ACC40118C9EC6900CE03CA /* KeychainItemWrapper.m */; settings = {COMPILER_FLAGS = "-fno-objc-arc"; }; };
		77ACC40818CA4B5D00CE03CA /* LoginTableViewController.m in Sources */ = {isa = PBXBuildFile; fileRef = 77ACC40718CA4B5D00CE03CA /* LoginTableViewController.m */; };
		77B5DA7C19002BE100DDDB00 /* Tree.m in Sources */ = {isa = PBXBuildFile; fileRef = 77B5DA7B19002BE100DDDB00 /* Tree.m */; };
		77B5DA801904BE9400DDDB00 /* UIAlertView+Block.m in Sources */ = {isa = PBXBuildFile; fileRef = 77B5DA7F1904BE9400DDDB00 /* UIAlertView+Block.m */; };
		77FD9CAC1909B68900596D65 /* ServersTableViewController.m in Sources */ = {isa = PBXBuildFile; fileRef = 77FD9CAB1909B68900596D65 /* ServersTableViewController.m */; };
/* End PBXBuildFile section */

/* Begin PBXContainerItemProxy section */
		777AD11918C13EFE00DC5E9F /* PBXContainerItemProxy */ = {
			isa = PBXContainerItemProxy;
			containerPortal = 777AD0EB18C13EFD00DC5E9F /* Project object */;
			proxyType = 1;
			remoteGlobalIDString = 777AD0F218C13EFE00DC5E9F;
			remoteInfo = txtbranch;
		};
/* End PBXContainerItemProxy section */

/* Begin PBXFileReference section */
		7700C5A4190A79E8005931BB /* ServerList.h */ = {isa = PBXFileReference; fileEncoding = 4; lastKnownFileType = sourcecode.c.h; path = ServerList.h; sourceTree = "<group>"; };
		7700C5A5190A79E8005931BB /* ServerList.m */ = {isa = PBXFileReference; fileEncoding = 4; lastKnownFileType = sourcecode.c.objc; path = ServerList.m; sourceTree = "<group>"; };
		77288B0918F4A0B500B97131 /* NotificationsTableViewController.h */ = {isa = PBXFileReference; fileEncoding = 4; lastKnownFileType = sourcecode.c.h; path = NotificationsTableViewController.h; sourceTree = "<group>"; };
		77288B0A18F4A0B500B97131 /* NotificationsTableViewController.m */ = {isa = PBXFileReference; fileEncoding = 4; lastKnownFileType = sourcecode.c.objc; path = NotificationsTableViewController.m; sourceTree = "<group>"; };
		77288B1118F638E100B97131 /* NSDictionary+QueryString.h */ = {isa = PBXFileReference; fileEncoding = 4; lastKnownFileType = sourcecode.c.h; path = "NSDictionary+QueryString.h"; sourceTree = "<group>"; };
		77288B1218F638E100B97131 /* NSDictionary+QueryString.m */ = {isa = PBXFileReference; fileEncoding = 4; lastKnownFileType = sourcecode.c.objc; path = "NSDictionary+QueryString.m"; sourceTree = "<group>"; };
		77288B1418F63A5200B97131 /* NSString+URLEncoding.h */ = {isa = PBXFileReference; fileEncoding = 4; lastKnownFileType = sourcecode.c.h; path = "NSString+URLEncoding.h"; sourceTree = "<group>"; };
		77288B1518F63A5200B97131 /* NSString+URLEncoding.m */ = {isa = PBXFileReference; fileEncoding = 4; lastKnownFileType = sourcecode.c.objc; path = "NSString+URLEncoding.m"; sourceTree = "<group>"; };
		77288B2918F899DE00B97131 /* TTTAttributedLabel.h */ = {isa = PBXFileReference; fileEncoding = 4; lastKnownFileType = sourcecode.c.h; path = TTTAttributedLabel.h; sourceTree = "<group>"; };
		77288B2A18F899DE00B97131 /* TTTAttributedLabel.m */ = {isa = PBXFileReference; fileEncoding = 4; lastKnownFileType = sourcecode.c.objc; path = TTTAttributedLabel.m; sourceTree = "<group>"; };
		7765599918C8A06F00B9195C /* LaunchViewController.h */ = {isa = PBXFileReference; fileEncoding = 4; lastKnownFileType = sourcecode.c.h; path = LaunchViewController.h; sourceTree = "<group>"; };
		7765599A18C8A06F00B9195C /* LaunchViewController.m */ = {isa = PBXFileReference; fileEncoding = 4; lastKnownFileType = sourcecode.c.objc; path = LaunchViewController.m; sourceTree = "<group>"; };
		7765599D18C9682600B9195C /* AuthenticationManager.h */ = {isa = PBXFileReference; fileEncoding = 4; lastKnownFileType = sourcecode.c.h; path = AuthenticationManager.h; sourceTree = "<group>"; };
		7765599E18C9682600B9195C /* AuthenticationManager.m */ = {isa = PBXFileReference; fileEncoding = 4; lastKnownFileType = sourcecode.c.objc; path = AuthenticationManager.m; sourceTree = "<group>"; };
		776B024A190F003200A6DA52 /* TreeFormViewController.h */ = {isa = PBXFileReference; fileEncoding = 4; lastKnownFileType = sourcecode.c.h; path = TreeFormViewController.h; sourceTree = "<group>"; };
		776B024B190F003200A6DA52 /* TreeFormViewController.m */ = {isa = PBXFileReference; fileEncoding = 4; lastKnownFileType = sourcecode.c.objc; path = TreeFormViewController.m; sourceTree = "<group>"; };
		777AD0F318C13EFE00DC5E9F /* txtbranch.app */ = {isa = PBXFileReference; explicitFileType = wrapper.application; includeInIndex = 0; path = txtbranch.app; sourceTree = BUILT_PRODUCTS_DIR; };
		777AD0F618C13EFE00DC5E9F /* Foundation.framework */ = {isa = PBXFileReference; lastKnownFileType = wrapper.framework; name = Foundation.framework; path = System/Library/Frameworks/Foundation.framework; sourceTree = SDKROOT; };
		777AD0F818C13EFE00DC5E9F /* CoreGraphics.framework */ = {isa = PBXFileReference; lastKnownFileType = wrapper.framework; name = CoreGraphics.framework; path = System/Library/Frameworks/CoreGraphics.framework; sourceTree = SDKROOT; };
		777AD0FA18C13EFE00DC5E9F /* UIKit.framework */ = {isa = PBXFileReference; lastKnownFileType = wrapper.framework; name = UIKit.framework; path = System/Library/Frameworks/UIKit.framework; sourceTree = SDKROOT; };
		777AD0FE18C13EFE00DC5E9F /* txtbranch-Info.plist */ = {isa = PBXFileReference; lastKnownFileType = text.plist.xml; path = "txtbranch-Info.plist"; sourceTree = "<group>"; };
		777AD10018C13EFE00DC5E9F /* en */ = {isa = PBXFileReference; lastKnownFileType = text.plist.strings; name = en; path = en.lproj/InfoPlist.strings; sourceTree = "<group>"; };
		777AD10218C13EFE00DC5E9F /* main.m */ = {isa = PBXFileReference; lastKnownFileType = sourcecode.c.objc; path = main.m; sourceTree = "<group>"; };
		777AD10418C13EFE00DC5E9F /* txtbranch-Prefix.pch */ = {isa = PBXFileReference; lastKnownFileType = sourcecode.c.h; path = "txtbranch-Prefix.pch"; sourceTree = "<group>"; };
		777AD10518C13EFE00DC5E9F /* AppDelegate.h */ = {isa = PBXFileReference; lastKnownFileType = sourcecode.c.h; path = AppDelegate.h; sourceTree = "<group>"; };
		777AD10618C13EFE00DC5E9F /* AppDelegate.m */ = {isa = PBXFileReference; lastKnownFileType = sourcecode.c.objc; path = AppDelegate.m; sourceTree = "<group>"; };
		777AD10918C13EFE00DC5E9F /* Base */ = {isa = PBXFileReference; lastKnownFileType = file.storyboard; name = Base; path = Base.lproj/Main.storyboard; sourceTree = "<group>"; };
		777AD10B18C13EFE00DC5E9F /* BranchViewController.h */ = {isa = PBXFileReference; lastKnownFileType = sourcecode.c.h; path = BranchViewController.h; sourceTree = "<group>"; };
		777AD10C18C13EFE00DC5E9F /* BranchViewController.m */ = {isa = PBXFileReference; lastKnownFileType = sourcecode.c.objc; path = BranchViewController.m; sourceTree = "<group>"; };
		777AD10E18C13EFE00DC5E9F /* Images.xcassets */ = {isa = PBXFileReference; lastKnownFileType = folder.assetcatalog; path = Images.xcassets; sourceTree = "<group>"; };
		777AD11418C13EFE00DC5E9F /* txtbranchTests.xctest */ = {isa = PBXFileReference; explicitFileType = wrapper.cfbundle; includeInIndex = 0; path = txtbranchTests.xctest; sourceTree = BUILT_PRODUCTS_DIR; };
		777AD11518C13EFE00DC5E9F /* XCTest.framework */ = {isa = PBXFileReference; lastKnownFileType = wrapper.framework; name = XCTest.framework; path = Library/Frameworks/XCTest.framework; sourceTree = DEVELOPER_DIR; };
		777AD11D18C13EFE00DC5E9F /* txtbranchTests-Info.plist */ = {isa = PBXFileReference; lastKnownFileType = text.plist.xml; path = "txtbranchTests-Info.plist"; sourceTree = "<group>"; };
		777AD11F18C13EFE00DC5E9F /* en */ = {isa = PBXFileReference; lastKnownFileType = text.plist.strings; name = en; path = en.lproj/InfoPlist.strings; sourceTree = "<group>"; };
		777AD12118C13EFE00DC5E9F /* txtbranchTests.m */ = {isa = PBXFileReference; lastKnownFileType = sourcecode.c.objc; path = txtbranchTests.m; sourceTree = "<group>"; };
		777AD12C18C16C3100DC5E9F /* ASIAuthenticationDialog.h */ = {isa = PBXFileReference; fileEncoding = 4; lastKnownFileType = sourcecode.c.h; path = ASIAuthenticationDialog.h; sourceTree = "<group>"; };
		777AD12D18C16C3100DC5E9F /* ASIAuthenticationDialog.m */ = {isa = PBXFileReference; fileEncoding = 4; lastKnownFileType = sourcecode.c.objc; path = ASIAuthenticationDialog.m; sourceTree = "<group>"; };
		777AD12E18C16C3100DC5E9F /* ASICacheDelegate.h */ = {isa = PBXFileReference; fileEncoding = 4; lastKnownFileType = sourcecode.c.h; path = ASICacheDelegate.h; sourceTree = "<group>"; };
		777AD12F18C16C3100DC5E9F /* ASIDataCompressor.h */ = {isa = PBXFileReference; fileEncoding = 4; lastKnownFileType = sourcecode.c.h; path = ASIDataCompressor.h; sourceTree = "<group>"; };
		777AD13018C16C3100DC5E9F /* ASIDataCompressor.m */ = {isa = PBXFileReference; fileEncoding = 4; lastKnownFileType = sourcecode.c.objc; path = ASIDataCompressor.m; sourceTree = "<group>"; };
		777AD13118C16C3100DC5E9F /* ASIDataDecompressor.h */ = {isa = PBXFileReference; fileEncoding = 4; lastKnownFileType = sourcecode.c.h; path = ASIDataDecompressor.h; sourceTree = "<group>"; };
		777AD13218C16C3100DC5E9F /* ASIDataDecompressor.m */ = {isa = PBXFileReference; fileEncoding = 4; lastKnownFileType = sourcecode.c.objc; path = ASIDataDecompressor.m; sourceTree = "<group>"; };
		777AD13318C16C3100DC5E9F /* ASIDownloadCache.h */ = {isa = PBXFileReference; fileEncoding = 4; lastKnownFileType = sourcecode.c.h; path = ASIDownloadCache.h; sourceTree = "<group>"; };
		777AD13418C16C3100DC5E9F /* ASIDownloadCache.m */ = {isa = PBXFileReference; fileEncoding = 4; lastKnownFileType = sourcecode.c.objc; path = ASIDownloadCache.m; sourceTree = "<group>"; };
		777AD13518C16C3100DC5E9F /* ASIFormDataRequest.h */ = {isa = PBXFileReference; fileEncoding = 4; lastKnownFileType = sourcecode.c.h; path = ASIFormDataRequest.h; sourceTree = "<group>"; };
		777AD13618C16C3100DC5E9F /* ASIFormDataRequest.m */ = {isa = PBXFileReference; fileEncoding = 4; lastKnownFileType = sourcecode.c.objc; path = ASIFormDataRequest.m; sourceTree = "<group>"; };
		777AD13718C16C3100DC5E9F /* ASIHTTPRequest.h */ = {isa = PBXFileReference; fileEncoding = 4; lastKnownFileType = sourcecode.c.h; path = ASIHTTPRequest.h; sourceTree = "<group>"; };
		777AD13818C16C3100DC5E9F /* ASIHTTPRequest.m */ = {isa = PBXFileReference; fileEncoding = 4; lastKnownFileType = sourcecode.c.objc; path = ASIHTTPRequest.m; sourceTree = "<group>"; };
		777AD13918C16C3100DC5E9F /* ASIHTTPRequestConfig.h */ = {isa = PBXFileReference; fileEncoding = 4; lastKnownFileType = sourcecode.c.h; path = ASIHTTPRequestConfig.h; sourceTree = "<group>"; };
		777AD13A18C16C3100DC5E9F /* ASIHTTPRequestDelegate.h */ = {isa = PBXFileReference; fileEncoding = 4; lastKnownFileType = sourcecode.c.h; path = ASIHTTPRequestDelegate.h; sourceTree = "<group>"; };
		777AD13B18C16C3100DC5E9F /* ASIInputStream.h */ = {isa = PBXFileReference; fileEncoding = 4; lastKnownFileType = sourcecode.c.h; path = ASIInputStream.h; sourceTree = "<group>"; };
		777AD13C18C16C3100DC5E9F /* ASIInputStream.m */ = {isa = PBXFileReference; fileEncoding = 4; lastKnownFileType = sourcecode.c.objc; path = ASIInputStream.m; sourceTree = "<group>"; };
		777AD13D18C16C3100DC5E9F /* ASINetworkQueue.h */ = {isa = PBXFileReference; fileEncoding = 4; lastKnownFileType = sourcecode.c.h; path = ASINetworkQueue.h; sourceTree = "<group>"; };
		777AD13E18C16C3100DC5E9F /* ASINetworkQueue.m */ = {isa = PBXFileReference; fileEncoding = 4; lastKnownFileType = sourcecode.c.objc; path = ASINetworkQueue.m; sourceTree = "<group>"; };
		777AD13F18C16C3100DC5E9F /* ASIProgressDelegate.h */ = {isa = PBXFileReference; fileEncoding = 4; lastKnownFileType = sourcecode.c.h; path = ASIProgressDelegate.h; sourceTree = "<group>"; };
		777AD14118C16C3100DC5E9F /* ASIWebPageRequest.h */ = {isa = PBXFileReference; fileEncoding = 4; lastKnownFileType = sourcecode.c.h; path = ASIWebPageRequest.h; sourceTree = "<group>"; };
		777AD14218C16C3100DC5E9F /* ASIWebPageRequest.m */ = {isa = PBXFileReference; fileEncoding = 4; lastKnownFileType = sourcecode.c.objc; path = ASIWebPageRequest.m; sourceTree = "<group>"; };
		777AD14418C16C3100DC5E9F /* ASICloudFilesCDNRequest.h */ = {isa = PBXFileReference; fileEncoding = 4; lastKnownFileType = sourcecode.c.h; path = ASICloudFilesCDNRequest.h; sourceTree = "<group>"; };
		777AD14518C16C3100DC5E9F /* ASICloudFilesCDNRequest.m */ = {isa = PBXFileReference; fileEncoding = 4; lastKnownFileType = sourcecode.c.objc; path = ASICloudFilesCDNRequest.m; sourceTree = "<group>"; };
		777AD14618C16C3100DC5E9F /* ASICloudFilesContainer.h */ = {isa = PBXFileReference; fileEncoding = 4; lastKnownFileType = sourcecode.c.h; path = ASICloudFilesContainer.h; sourceTree = "<group>"; };
		777AD14718C16C3100DC5E9F /* ASICloudFilesContainer.m */ = {isa = PBXFileReference; fileEncoding = 4; lastKnownFileType = sourcecode.c.objc; path = ASICloudFilesContainer.m; sourceTree = "<group>"; };
		777AD14818C16C3100DC5E9F /* ASICloudFilesContainerRequest.h */ = {isa = PBXFileReference; fileEncoding = 4; lastKnownFileType = sourcecode.c.h; path = ASICloudFilesContainerRequest.h; sourceTree = "<group>"; };
		777AD14918C16C3100DC5E9F /* ASICloudFilesContainerRequest.m */ = {isa = PBXFileReference; fileEncoding = 4; lastKnownFileType = sourcecode.c.objc; path = ASICloudFilesContainerRequest.m; sourceTree = "<group>"; };
		777AD14A18C16C3100DC5E9F /* ASICloudFilesContainerXMLParserDelegate.h */ = {isa = PBXFileReference; fileEncoding = 4; lastKnownFileType = sourcecode.c.h; path = ASICloudFilesContainerXMLParserDelegate.h; sourceTree = "<group>"; };
		777AD14B18C16C3100DC5E9F /* ASICloudFilesContainerXMLParserDelegate.m */ = {isa = PBXFileReference; fileEncoding = 4; lastKnownFileType = sourcecode.c.objc; path = ASICloudFilesContainerXMLParserDelegate.m; sourceTree = "<group>"; };
		777AD14C18C16C3100DC5E9F /* ASICloudFilesObject.h */ = {isa = PBXFileReference; fileEncoding = 4; lastKnownFileType = sourcecode.c.h; path = ASICloudFilesObject.h; sourceTree = "<group>"; };
		777AD14D18C16C3100DC5E9F /* ASICloudFilesObject.m */ = {isa = PBXFileReference; fileEncoding = 4; lastKnownFileType = sourcecode.c.objc; path = ASICloudFilesObject.m; sourceTree = "<group>"; };
		777AD14E18C16C3100DC5E9F /* ASICloudFilesObjectRequest.h */ = {isa = PBXFileReference; fileEncoding = 4; lastKnownFileType = sourcecode.c.h; path = ASICloudFilesObjectRequest.h; sourceTree = "<group>"; };
		777AD14F18C16C3100DC5E9F /* ASICloudFilesObjectRequest.m */ = {isa = PBXFileReference; fileEncoding = 4; lastKnownFileType = sourcecode.c.objc; path = ASICloudFilesObjectRequest.m; sourceTree = "<group>"; };
		777AD15018C16C3100DC5E9F /* ASICloudFilesRequest.h */ = {isa = PBXFileReference; fileEncoding = 4; lastKnownFileType = sourcecode.c.h; path = ASICloudFilesRequest.h; sourceTree = "<group>"; };
		777AD15118C16C3100DC5E9F /* ASICloudFilesRequest.m */ = {isa = PBXFileReference; fileEncoding = 4; lastKnownFileType = sourcecode.c.objc; path = ASICloudFilesRequest.m; sourceTree = "<group>"; };
		777AD15318C16C3100DC5E9F /* ASINSXMLParserCompat.h */ = {isa = PBXFileReference; fileEncoding = 4; lastKnownFileType = sourcecode.c.h; path = ASINSXMLParserCompat.h; sourceTree = "<group>"; };
		777AD15418C16C3100DC5E9F /* ASIS3Bucket.h */ = {isa = PBXFileReference; fileEncoding = 4; lastKnownFileType = sourcecode.c.h; path = ASIS3Bucket.h; sourceTree = "<group>"; };
		777AD15518C16C3100DC5E9F /* ASIS3Bucket.m */ = {isa = PBXFileReference; fileEncoding = 4; lastKnownFileType = sourcecode.c.objc; path = ASIS3Bucket.m; sourceTree = "<group>"; };
		777AD15618C16C3100DC5E9F /* ASIS3BucketObject.h */ = {isa = PBXFileReference; fileEncoding = 4; lastKnownFileType = sourcecode.c.h; path = ASIS3BucketObject.h; sourceTree = "<group>"; };
		777AD15718C16C3100DC5E9F /* ASIS3BucketObject.m */ = {isa = PBXFileReference; fileEncoding = 4; lastKnownFileType = sourcecode.c.objc; path = ASIS3BucketObject.m; sourceTree = "<group>"; };
		777AD15818C16C3100DC5E9F /* ASIS3BucketRequest.h */ = {isa = PBXFileReference; fileEncoding = 4; lastKnownFileType = sourcecode.c.h; path = ASIS3BucketRequest.h; sourceTree = "<group>"; };
		777AD15918C16C3100DC5E9F /* ASIS3BucketRequest.m */ = {isa = PBXFileReference; fileEncoding = 4; lastKnownFileType = sourcecode.c.objc; path = ASIS3BucketRequest.m; sourceTree = "<group>"; };
		777AD15A18C16C3100DC5E9F /* ASIS3ObjectRequest.h */ = {isa = PBXFileReference; fileEncoding = 4; lastKnownFileType = sourcecode.c.h; path = ASIS3ObjectRequest.h; sourceTree = "<group>"; };
		777AD15B18C16C3100DC5E9F /* ASIS3ObjectRequest.m */ = {isa = PBXFileReference; fileEncoding = 4; lastKnownFileType = sourcecode.c.objc; path = ASIS3ObjectRequest.m; sourceTree = "<group>"; };
		777AD15C18C16C3100DC5E9F /* ASIS3Request.h */ = {isa = PBXFileReference; fileEncoding = 4; lastKnownFileType = sourcecode.c.h; path = ASIS3Request.h; sourceTree = "<group>"; };
		777AD15D18C16C3100DC5E9F /* ASIS3Request.m */ = {isa = PBXFileReference; fileEncoding = 4; lastKnownFileType = sourcecode.c.objc; path = ASIS3Request.m; sourceTree = "<group>"; };
		777AD15E18C16C3100DC5E9F /* ASIS3ServiceRequest.h */ = {isa = PBXFileReference; fileEncoding = 4; lastKnownFileType = sourcecode.c.h; path = ASIS3ServiceRequest.h; sourceTree = "<group>"; };
		777AD15F18C16C3100DC5E9F /* ASIS3ServiceRequest.m */ = {isa = PBXFileReference; fileEncoding = 4; lastKnownFileType = sourcecode.c.objc; path = ASIS3ServiceRequest.m; sourceTree = "<group>"; };
		777AD18218C16C3100DC5E9F /* Reachability.h */ = {isa = PBXFileReference; fileEncoding = 4; lastKnownFileType = sourcecode.c.h; path = Reachability.h; sourceTree = "<group>"; };
		777AD18318C16C3100DC5E9F /* Reachability.m */ = {isa = PBXFileReference; fileEncoding = 4; lastKnownFileType = sourcecode.c.objc; path = Reachability.m; sourceTree = "<group>"; };
		777AD1AB18C16EEC00DC5E9F /* libxml2.dylib */ = {isa = PBXFileReference; lastKnownFileType = "compiled.mach-o.dylib"; name = libxml2.dylib; path = usr/lib/libxml2.dylib; sourceTree = SDKROOT; };
		777AD1AD18C1707200DC5E9F /* libz.dylib */ = {isa = PBXFileReference; lastKnownFileType = "compiled.mach-o.dylib"; name = libz.dylib; path = usr/lib/libz.dylib; sourceTree = SDKROOT; };
		777AD1BA18C57D0200DC5E9F /* TBTextView.h */ = {isa = PBXFileReference; fileEncoding = 4; lastKnownFileType = sourcecode.c.h; path = TBTextView.h; sourceTree = "<group>"; };
		777AD1BB18C57D0200DC5E9F /* TBTextView.m */ = {isa = PBXFileReference; fileEncoding = 4; lastKnownFileType = sourcecode.c.objc; path = TBTextView.m; sourceTree = "<group>"; };
		777AD1BD18C5819A00DC5E9F /* BranchTableViewCell.h */ = {isa = PBXFileReference; fileEncoding = 4; lastKnownFileType = sourcecode.c.h; path = BranchTableViewCell.h; sourceTree = "<group>"; };
		777AD1BE18C5819A00DC5E9F /* BranchTableViewCell.m */ = {isa = PBXFileReference; fileEncoding = 4; lastKnownFileType = sourcecode.c.objc; path = BranchTableViewCell.m; sourceTree = "<group>"; };
		777AD1C018C5F81800DC5E9F /* SignInViewController.h */ = {isa = PBXFileReference; fileEncoding = 4; lastKnownFileType = sourcecode.c.h; path = SignInViewController.h; sourceTree = "<group>"; };
		777AD1C118C5F81800DC5E9F /* SignInViewController.m */ = {isa = PBXFileReference; fileEncoding = 4; lastKnownFileType = sourcecode.c.objc; path = SignInViewController.m; sourceTree = "<group>"; };
		777AD1C518C6BF6C00DC5E9F /* NSURL+txtbranch.h */ = {isa = PBXFileReference; fileEncoding = 4; lastKnownFileType = sourcecode.c.h; path = "NSURL+txtbranch.h"; sourceTree = "<group>"; };
		777AD1C618C6BF6C00DC5E9F /* NSURL+txtbranch.m */ = {isa = PBXFileReference; fileEncoding = 4; lastKnownFileType = sourcecode.c.objc; path = "NSURL+txtbranch.m"; sourceTree = "<group>"; };
		777AD1C918C6CAC400DC5E9F /* UsernameViewController.h */ = {isa = PBXFileReference; fileEncoding = 4; lastKnownFileType = sourcecode.c.h; path = UsernameViewController.h; sourceTree = "<group>"; };
		777AD1CA18C6CAC400DC5E9F /* UsernameViewController.m */ = {isa = PBXFileReference; fileEncoding = 4; lastKnownFileType = sourcecode.c.objc; path = UsernameViewController.m; sourceTree = "<group>"; };
		777F673118E515F8004093A8 /* UIView+Ext.h */ = {isa = PBXFileReference; fileEncoding = 4; lastKnownFileType = sourcecode.c.h; path = "UIView+Ext.h"; sourceTree = "<group>"; };
		777F673218E515F8004093A8 /* UIView+Ext.m */ = {isa = PBXFileReference; fileEncoding = 4; lastKnownFileType = sourcecode.c.objc; path = "UIView+Ext.m"; sourceTree = "<group>"; };
		778236A1190B514C003018DC /* AddServerViewController.h */ = {isa = PBXFileReference; fileEncoding = 4; lastKnownFileType = sourcecode.c.h; path = AddServerViewController.h; sourceTree = "<group>"; };
		778236A2190B514C003018DC /* AddServerViewController.m */ = {isa = PBXFileReference; fileEncoding = 4; lastKnownFileType = sourcecode.c.objc; path = AddServerViewController.m; sourceTree = "<group>"; };
		7783350518C81DA0008375A6 /* TreesViewController.h */ = {isa = PBXFileReference; fileEncoding = 4; lastKnownFileType = sourcecode.c.h; path = TreesViewController.h; sourceTree = "<group>"; };
		7783350618C81DA0008375A6 /* TreesViewController.m */ = {isa = PBXFileReference; fileEncoding = 4; lastKnownFileType = sourcecode.c.objc; path = TreesViewController.m; sourceTree = "<group>"; };
		77ACC40018C9EC6900CE03CA /* KeychainItemWrapper.h */ = {isa = PBXFileReference; fileEncoding = 4; lastKnownFileType = sourcecode.c.h; path = KeychainItemWrapper.h; sourceTree = "<group>"; };
		77ACC40118C9EC6900CE03CA /* KeychainItemWrapper.m */ = {isa = PBXFileReference; fileEncoding = 4; lastKnownFileType = sourcecode.c.objc; path = KeychainItemWrapper.m; sourceTree = "<group>"; };
		77ACC40618CA4B5D00CE03CA /* LoginTableViewController.h */ = {isa = PBXFileReference; fileEncoding = 4; lastKnownFileType = sourcecode.c.h; path = LoginTableViewController.h; sourceTree = "<group>"; };
		77ACC40718CA4B5D00CE03CA /* LoginTableViewController.m */ = {isa = PBXFileReference; fileEncoding = 4; lastKnownFileType = sourcecode.c.objc; path = LoginTableViewController.m; sourceTree = "<group>"; };
		77B5DA7A19002BE100DDDB00 /* Tree.h */ = {isa = PBXFileReference; fileEncoding = 4; lastKnownFileType = sourcecode.c.h; path = Tree.h; sourceTree = "<group>"; };
		77B5DA7B19002BE100DDDB00 /* Tree.m */ = {isa = PBXFileReference; fileEncoding = 4; lastKnownFileType = sourcecode.c.objc; path = Tree.m; sourceTree = "<group>"; };
		77B5DA7E1904BE9400DDDB00 /* UIAlertView+Block.h */ = {isa = PBXFileReference; fileEncoding = 4; lastKnownFileType = sourcecode.c.h; path = "UIAlertView+Block.h"; sourceTree = "<group>"; };
		77B5DA7F1904BE9400DDDB00 /* UIAlertView+Block.m */ = {isa = PBXFileReference; fileEncoding = 4; lastKnownFileType = sourcecode.c.objc; path = "UIAlertView+Block.m"; sourceTree = "<group>"; };
		77ED53A41912F21400AD9F4C /* txtbranch.h */ = {isa = PBXFileReference; lastKnownFileType = sourcecode.c.h; path = txtbranch.h; sourceTree = "<group>"; };
		77FD9CAA1909B68900596D65 /* ServersTableViewController.h */ = {isa = PBXFileReference; fileEncoding = 4; lastKnownFileType = sourcecode.c.h; path = ServersTableViewController.h; sourceTree = "<group>"; };
		77FD9CAB1909B68900596D65 /* ServersTableViewController.m */ = {isa = PBXFileReference; fileEncoding = 4; lastKnownFileType = sourcecode.c.objc; path = ServersTableViewController.m; sourceTree = "<group>"; };
/* End PBXFileReference section */

/* Begin PBXFrameworksBuildPhase section */
		777AD0F018C13EFE00DC5E9F /* Frameworks */ = {
			isa = PBXFrameworksBuildPhase;
			buildActionMask = 2147483647;
			files = (
				777AD1AE18C1707200DC5E9F /* libz.dylib in Frameworks */,
				777AD1AC18C16EEC00DC5E9F /* libxml2.dylib in Frameworks */,
				777AD0F918C13EFE00DC5E9F /* CoreGraphics.framework in Frameworks */,
				777AD0FB18C13EFE00DC5E9F /* UIKit.framework in Frameworks */,
				777AD0F718C13EFE00DC5E9F /* Foundation.framework in Frameworks */,
			);
			runOnlyForDeploymentPostprocessing = 0;
		};
		777AD11118C13EFE00DC5E9F /* Frameworks */ = {
			isa = PBXFrameworksBuildPhase;
			buildActionMask = 2147483647;
			files = (
				777AD11618C13EFE00DC5E9F /* XCTest.framework in Frameworks */,
				777AD11818C13EFE00DC5E9F /* UIKit.framework in Frameworks */,
				777AD11718C13EFE00DC5E9F /* Foundation.framework in Frameworks */,
			);
			runOnlyForDeploymentPostprocessing = 0;
		};
/* End PBXFrameworksBuildPhase section */

/* Begin PBXGroup section */
		77288B0818F4A09600B97131 /* Notifications */ = {
			isa = PBXGroup;
			children = (
				77288B0918F4A0B500B97131 /* NotificationsTableViewController.h */,
				77288B0A18F4A0B500B97131 /* NotificationsTableViewController.m */,
			);
			name = Notifications;
			sourceTree = "<group>";
		};
		77288B1018F638E100B97131 /* singly */ = {
			isa = PBXGroup;
			children = (
				77288B1118F638E100B97131 /* NSDictionary+QueryString.h */,
				77288B1218F638E100B97131 /* NSDictionary+QueryString.m */,
				77288B1418F63A5200B97131 /* NSString+URLEncoding.h */,
				77288B1518F63A5200B97131 /* NSString+URLEncoding.m */,
			);
			name = singly;
			path = lib/singly;
			sourceTree = "<group>";
		};
		77288B2818F899DE00B97131 /* TTTAttributedLabel */ = {
			isa = PBXGroup;
			children = (
				77288B2918F899DE00B97131 /* TTTAttributedLabel.h */,
				77288B2A18F899DE00B97131 /* TTTAttributedLabel.m */,
			);
			name = TTTAttributedLabel;
			path = lib/TTTAttributedLabel;
			sourceTree = "<group>";
		};
		7765599C18C8A0FD00B9195C /* Branch View */ = {
			isa = PBXGroup;
			children = (
				777AD10B18C13EFE00DC5E9F /* BranchViewController.h */,
				777AD10C18C13EFE00DC5E9F /* BranchViewController.m */,
				777AD1BD18C5819A00DC5E9F /* BranchTableViewCell.h */,
				777AD1BE18C5819A00DC5E9F /* BranchTableViewCell.m */,
				777AD1BA18C57D0200DC5E9F /* TBTextView.h */,
				777AD1BB18C57D0200DC5E9F /* TBTextView.m */,
			);
			name = "Branch View";
			sourceTree = "<group>";
		};
		776B0249190F001100A6DA52 /* Trees */ = {
			isa = PBXGroup;
			children = (
				7783350518C81DA0008375A6 /* TreesViewController.h */,
				7783350618C81DA0008375A6 /* TreesViewController.m */,
				776B024A190F003200A6DA52 /* TreeFormViewController.h */,
				776B024B190F003200A6DA52 /* TreeFormViewController.m */,
			);
			name = Trees;
			sourceTree = "<group>";
		};
		777AD0EA18C13EFD00DC5E9F = {
			isa = PBXGroup;
			children = (
				777AD0FC18C13EFE00DC5E9F /* txtbranch */,
				777AD11B18C13EFE00DC5E9F /* txtbranchTests */,
				777AD0F518C13EFE00DC5E9F /* Frameworks */,
				777AD0F418C13EFE00DC5E9F /* Products */,
			);
			sourceTree = "<group>";
		};
		777AD0F418C13EFE00DC5E9F /* Products */ = {
			isa = PBXGroup;
			children = (
				777AD0F318C13EFE00DC5E9F /* txtbranch.app */,
				777AD11418C13EFE00DC5E9F /* txtbranchTests.xctest */,
			);
			name = Products;
			sourceTree = "<group>";
		};
		777AD0F518C13EFE00DC5E9F /* Frameworks */ = {
			isa = PBXGroup;
			children = (
				77288B2818F899DE00B97131 /* TTTAttributedLabel */,
				777AD1B218C1829700DC5E9F /* asi-http-request */,
				77288B1018F638E100B97131 /* singly */,
				777AD1AD18C1707200DC5E9F /* libz.dylib */,
				777AD1AB18C16EEC00DC5E9F /* libxml2.dylib */,
				777AD0F618C13EFE00DC5E9F /* Foundation.framework */,
				777AD0F818C13EFE00DC5E9F /* CoreGraphics.framework */,
				777AD0FA18C13EFE00DC5E9F /* UIKit.framework */,
				777AD11518C13EFE00DC5E9F /* XCTest.framework */,
			);
			name = Frameworks;
			sourceTree = "<group>";
		};
		777AD0FC18C13EFE00DC5E9F /* txtbranch */ = {
			isa = PBXGroup;
			children = (
				776B0249190F001100A6DA52 /* Trees */,
				778236A0190B463A003018DC /* Settings */,
				77ED53A41912F21400AD9F4C /* txtbranch.h */,
				777AD10518C13EFE00DC5E9F /* AppDelegate.h */,
				777AD10618C13EFE00DC5E9F /* AppDelegate.m */,
				777AD10818C13EFE00DC5E9F /* Main.storyboard */,
				77B5DA7D1904BE5C00DDDB00 /* Utilities */,
				7765599C18C8A0FD00B9195C /* Branch View */,
				777AD1C818C6CAA500DC5E9F /* SignIn */,
				77288B0818F4A09600B97131 /* Notifications */,
				777AD10E18C13EFE00DC5E9F /* Images.xcassets */,
				777AD0FD18C13EFE00DC5E9F /* Supporting Files */,
			);
			path = txtbranch;
			sourceTree = "<group>";
		};
		777AD0FD18C13EFE00DC5E9F /* Supporting Files */ = {
			isa = PBXGroup;
			children = (
				777AD0FE18C13EFE00DC5E9F /* txtbranch-Info.plist */,
				777AD0FF18C13EFE00DC5E9F /* InfoPlist.strings */,
				777AD10218C13EFE00DC5E9F /* main.m */,
				777AD10418C13EFE00DC5E9F /* txtbranch-Prefix.pch */,
			);
			name = "Supporting Files";
			sourceTree = "<group>";
		};
		777AD11B18C13EFE00DC5E9F /* txtbranchTests */ = {
			isa = PBXGroup;
			children = (
				777AD12118C13EFE00DC5E9F /* txtbranchTests.m */,
				777AD11C18C13EFE00DC5E9F /* Supporting Files */,
			);
			path = txtbranchTests;
			sourceTree = "<group>";
		};
		777AD11C18C13EFE00DC5E9F /* Supporting Files */ = {
			isa = PBXGroup;
			children = (
				777AD11D18C13EFE00DC5E9F /* txtbranchTests-Info.plist */,
				777AD11E18C13EFE00DC5E9F /* InfoPlist.strings */,
			);
			name = "Supporting Files";
			sourceTree = "<group>";
		};
		777AD12B18C16C3100DC5E9F /* Classes */ = {
			isa = PBXGroup;
			children = (
				777AD12C18C16C3100DC5E9F /* ASIAuthenticationDialog.h */,
				777AD12D18C16C3100DC5E9F /* ASIAuthenticationDialog.m */,
				777AD12E18C16C3100DC5E9F /* ASICacheDelegate.h */,
				777AD12F18C16C3100DC5E9F /* ASIDataCompressor.h */,
				777AD13018C16C3100DC5E9F /* ASIDataCompressor.m */,
				777AD13118C16C3100DC5E9F /* ASIDataDecompressor.h */,
				777AD13218C16C3100DC5E9F /* ASIDataDecompressor.m */,
				777AD13318C16C3100DC5E9F /* ASIDownloadCache.h */,
				777AD13418C16C3100DC5E9F /* ASIDownloadCache.m */,
				777AD13518C16C3100DC5E9F /* ASIFormDataRequest.h */,
				777AD13618C16C3100DC5E9F /* ASIFormDataRequest.m */,
				777AD13718C16C3100DC5E9F /* ASIHTTPRequest.h */,
				777AD13818C16C3100DC5E9F /* ASIHTTPRequest.m */,
				777AD13918C16C3100DC5E9F /* ASIHTTPRequestConfig.h */,
				777AD13A18C16C3100DC5E9F /* ASIHTTPRequestDelegate.h */,
				777AD13B18C16C3100DC5E9F /* ASIInputStream.h */,
				777AD13C18C16C3100DC5E9F /* ASIInputStream.m */,
				777AD13D18C16C3100DC5E9F /* ASINetworkQueue.h */,
				777AD13E18C16C3100DC5E9F /* ASINetworkQueue.m */,
				777AD13F18C16C3100DC5E9F /* ASIProgressDelegate.h */,
				777AD14018C16C3100DC5E9F /* ASIWebPageRequest */,
				777AD14318C16C3100DC5E9F /* CloudFiles */,
				777AD15218C16C3100DC5E9F /* S3 */,
			);
			path = Classes;
			sourceTree = "<group>";
		};
		777AD14018C16C3100DC5E9F /* ASIWebPageRequest */ = {
			isa = PBXGroup;
			children = (
				777AD14118C16C3100DC5E9F /* ASIWebPageRequest.h */,
				777AD14218C16C3100DC5E9F /* ASIWebPageRequest.m */,
			);
			path = ASIWebPageRequest;
			sourceTree = "<group>";
		};
		777AD14318C16C3100DC5E9F /* CloudFiles */ = {
			isa = PBXGroup;
			children = (
				777AD14418C16C3100DC5E9F /* ASICloudFilesCDNRequest.h */,
				777AD14518C16C3100DC5E9F /* ASICloudFilesCDNRequest.m */,
				777AD14618C16C3100DC5E9F /* ASICloudFilesContainer.h */,
				777AD14718C16C3100DC5E9F /* ASICloudFilesContainer.m */,
				777AD14818C16C3100DC5E9F /* ASICloudFilesContainerRequest.h */,
				777AD14918C16C3100DC5E9F /* ASICloudFilesContainerRequest.m */,
				777AD14A18C16C3100DC5E9F /* ASICloudFilesContainerXMLParserDelegate.h */,
				777AD14B18C16C3100DC5E9F /* ASICloudFilesContainerXMLParserDelegate.m */,
				777AD14C18C16C3100DC5E9F /* ASICloudFilesObject.h */,
				777AD14D18C16C3100DC5E9F /* ASICloudFilesObject.m */,
				777AD14E18C16C3100DC5E9F /* ASICloudFilesObjectRequest.h */,
				777AD14F18C16C3100DC5E9F /* ASICloudFilesObjectRequest.m */,
				777AD15018C16C3100DC5E9F /* ASICloudFilesRequest.h */,
				777AD15118C16C3100DC5E9F /* ASICloudFilesRequest.m */,
			);
			path = CloudFiles;
			sourceTree = "<group>";
		};
		777AD15218C16C3100DC5E9F /* S3 */ = {
			isa = PBXGroup;
			children = (
				777AD15318C16C3100DC5E9F /* ASINSXMLParserCompat.h */,
				777AD15418C16C3100DC5E9F /* ASIS3Bucket.h */,
				777AD15518C16C3100DC5E9F /* ASIS3Bucket.m */,
				777AD15618C16C3100DC5E9F /* ASIS3BucketObject.h */,
				777AD15718C16C3100DC5E9F /* ASIS3BucketObject.m */,
				777AD15818C16C3100DC5E9F /* ASIS3BucketRequest.h */,
				777AD15918C16C3100DC5E9F /* ASIS3BucketRequest.m */,
				777AD15A18C16C3100DC5E9F /* ASIS3ObjectRequest.h */,
				777AD15B18C16C3100DC5E9F /* ASIS3ObjectRequest.m */,
				777AD15C18C16C3100DC5E9F /* ASIS3Request.h */,
				777AD15D18C16C3100DC5E9F /* ASIS3Request.m */,
				777AD15E18C16C3100DC5E9F /* ASIS3ServiceRequest.h */,
				777AD15F18C16C3100DC5E9F /* ASIS3ServiceRequest.m */,
			);
			path = S3;
			sourceTree = "<group>";
		};
		777AD17E18C16C3100DC5E9F /* External */ = {
			isa = PBXGroup;
			children = (
				777AD18118C16C3100DC5E9F /* Reachability */,
			);
			path = External;
			sourceTree = "<group>";
		};
		777AD18118C16C3100DC5E9F /* Reachability */ = {
			isa = PBXGroup;
			children = (
				777AD18218C16C3100DC5E9F /* Reachability.h */,
				777AD18318C16C3100DC5E9F /* Reachability.m */,
			);
			path = Reachability;
			sourceTree = "<group>";
		};
		777AD1B218C1829700DC5E9F /* asi-http-request */ = {
			isa = PBXGroup;
			children = (
				777AD12B18C16C3100DC5E9F /* Classes */,
				777AD17E18C16C3100DC5E9F /* External */,
			);
			name = "asi-http-request";
			path = "lib/asi-http-request";
			sourceTree = "<group>";
		};
		777AD1C818C6CAA500DC5E9F /* SignIn */ = {
			isa = PBXGroup;
			children = (
				7765599918C8A06F00B9195C /* LaunchViewController.h */,
				7765599A18C8A06F00B9195C /* LaunchViewController.m */,
				77ACC40618CA4B5D00CE03CA /* LoginTableViewController.h */,
				77ACC40718CA4B5D00CE03CA /* LoginTableViewController.m */,
				777AD1C018C5F81800DC5E9F /* SignInViewController.h */,
				777AD1C118C5F81800DC5E9F /* SignInViewController.m */,
				777AD1C918C6CAC400DC5E9F /* UsernameViewController.h */,
				777AD1CA18C6CAC400DC5E9F /* UsernameViewController.m */,
			);
			name = SignIn;
			sourceTree = "<group>";
		};
		778236A0190B463A003018DC /* Settings */ = {
			isa = PBXGroup;
			children = (
				77FD9CAA1909B68900596D65 /* ServersTableViewController.h */,
				77FD9CAB1909B68900596D65 /* ServersTableViewController.m */,
				778236A1190B514C003018DC /* AddServerViewController.h */,
				778236A2190B514C003018DC /* AddServerViewController.m */,
			);
			name = Settings;
			sourceTree = "<group>";
		};
		77B5DA7D1904BE5C00DDDB00 /* Utilities */ = {
			isa = PBXGroup;
			children = (
				77B5DA7A19002BE100DDDB00 /* Tree.h */,
				77B5DA7B19002BE100DDDB00 /* Tree.m */,
				7765599D18C9682600B9195C /* AuthenticationManager.h */,
				7765599E18C9682600B9195C /* AuthenticationManager.m */,
				77ACC40018C9EC6900CE03CA /* KeychainItemWrapper.h */,
				77ACC40118C9EC6900CE03CA /* KeychainItemWrapper.m */,
				777AD1C518C6BF6C00DC5E9F /* NSURL+txtbranch.h */,
				777AD1C618C6BF6C00DC5E9F /* NSURL+txtbranch.m */,
				777F673118E515F8004093A8 /* UIView+Ext.h */,
				777F673218E515F8004093A8 /* UIView+Ext.m */,
				77B5DA7E1904BE9400DDDB00 /* UIAlertView+Block.h */,
				77B5DA7F1904BE9400DDDB00 /* UIAlertView+Block.m */,
				7700C5A4190A79E8005931BB /* ServerList.h */,
				7700C5A5190A79E8005931BB /* ServerList.m */,
			);
			name = Utilities;
			sourceTree = "<group>";
		};
/* End PBXGroup section */

/* Begin PBXNativeTarget section */
		777AD0F218C13EFE00DC5E9F /* txtbranch */ = {
			isa = PBXNativeTarget;
			buildConfigurationList = 777AD12518C13EFE00DC5E9F /* Build configuration list for PBXNativeTarget "txtbranch" */;
			buildPhases = (
				777AD0EF18C13EFE00DC5E9F /* Sources */,
				777AD0F018C13EFE00DC5E9F /* Frameworks */,
				777AD0F118C13EFE00DC5E9F /* Resources */,
			);
			buildRules = (
			);
			dependencies = (
			);
			name = txtbranch;
			productName = txtbranch;
			productReference = 777AD0F318C13EFE00DC5E9F /* txtbranch.app */;
			productType = "com.apple.product-type.application";
		};
		777AD11318C13EFE00DC5E9F /* txtbranchTests */ = {
			isa = PBXNativeTarget;
			buildConfigurationList = 777AD12818C13EFE00DC5E9F /* Build configuration list for PBXNativeTarget "txtbranchTests" */;
			buildPhases = (
				777AD11018C13EFE00DC5E9F /* Sources */,
				777AD11118C13EFE00DC5E9F /* Frameworks */,
				777AD11218C13EFE00DC5E9F /* Resources */,
			);
			buildRules = (
			);
			dependencies = (
				777AD11A18C13EFE00DC5E9F /* PBXTargetDependency */,
			);
			name = txtbranchTests;
			productName = txtbranchTests;
			productReference = 777AD11418C13EFE00DC5E9F /* txtbranchTests.xctest */;
			productType = "com.apple.product-type.bundle.unit-test";
		};
/* End PBXNativeTarget section */

/* Begin PBXProject section */
		777AD0EB18C13EFD00DC5E9F /* Project object */ = {
			isa = PBXProject;
			attributes = {
				LastUpgradeCheck = 0510;
				ORGANIZATIONNAME = Gabicoware;
				TargetAttributes = {
					777AD11318C13EFE00DC5E9F = {
						TestTargetID = 777AD0F218C13EFE00DC5E9F;
					};
				};
			};
			buildConfigurationList = 777AD0EE18C13EFD00DC5E9F /* Build configuration list for PBXProject "txtbranch" */;
			compatibilityVersion = "Xcode 3.2";
			developmentRegion = English;
			hasScannedForEncodings = 0;
			knownRegions = (
				en,
				Base,
			);
			mainGroup = 777AD0EA18C13EFD00DC5E9F;
			productRefGroup = 777AD0F418C13EFE00DC5E9F /* Products */;
			projectDirPath = "";
			projectRoot = "";
			targets = (
				777AD0F218C13EFE00DC5E9F /* txtbranch */,
				777AD11318C13EFE00DC5E9F /* txtbranchTests */,
			);
		};
/* End PBXProject section */

/* Begin PBXResourcesBuildPhase section */
		777AD0F118C13EFE00DC5E9F /* Resources */ = {
			isa = PBXResourcesBuildPhase;
			buildActionMask = 2147483647;
			files = (
				777AD10F18C13EFE00DC5E9F /* Images.xcassets in Resources */,
				777AD10118C13EFE00DC5E9F /* InfoPlist.strings in Resources */,
				777AD10A18C13EFE00DC5E9F /* Main.storyboard in Resources */,
			);
			runOnlyForDeploymentPostprocessing = 0;
		};
		777AD11218C13EFE00DC5E9F /* Resources */ = {
			isa = PBXResourcesBuildPhase;
			buildActionMask = 2147483647;
			files = (
				777AD12018C13EFE00DC5E9F /* InfoPlist.strings in Resources */,
			);
			runOnlyForDeploymentPostprocessing = 0;
		};
/* End PBXResourcesBuildPhase section */

/* Begin PBXSourcesBuildPhase section */
		777AD0EF18C13EFE00DC5E9F /* Sources */ = {
			isa = PBXSourcesBuildPhase;
			buildActionMask = 2147483647;
			files = (
				777AD18518C16C3100DC5E9F /* ASIDataCompressor.m in Sources */,
				777AD10D18C13EFE00DC5E9F /* BranchViewController.m in Sources */,
				777AD19918C16C3100DC5E9F /* ASIS3ServiceRequest.m in Sources */,
				777AD18918C16C3100DC5E9F /* ASIHTTPRequest.m in Sources */,
				77288B1618F63A5200B97131 /* NSString+URLEncoding.m in Sources */,
				778236A3190B514C003018DC /* AddServerViewController.m in Sources */,
				777AD1BC18C57D0200DC5E9F /* TBTextView.m in Sources */,
				77ACC40818CA4B5D00CE03CA /* LoginTableViewController.m in Sources */,
				7765599B18C8A06F00B9195C /* LaunchViewController.m in Sources */,
				777AD19718C16C3100DC5E9F /* ASIS3ObjectRequest.m in Sources */,
				777AD18418C16C3100DC5E9F /* ASIAuthenticationDialog.m in Sources */,
				77ACC40218C9EC6900CE03CA /* KeychainItemWrapper.m in Sources */,
				7783350718C81DA0008375A6 /* TreesViewController.m in Sources */,
				777AD19818C16C3100DC5E9F /* ASIS3Request.m in Sources */,
				77288B1318F638E100B97131 /* NSDictionary+QueryString.m in Sources */,
				7765599F18C9682600B9195C /* AuthenticationManager.m in Sources */,
				777AD18D18C16C3100DC5E9F /* ASICloudFilesCDNRequest.m in Sources */,
				777AD18818C16C3100DC5E9F /* ASIFormDataRequest.m in Sources */,
				777AD1C218C5F81800DC5E9F /* SignInViewController.m in Sources */,
				777AD10718C13EFE00DC5E9F /* AppDelegate.m in Sources */,
				777AD19618C16C3100DC5E9F /* ASIS3BucketRequest.m in Sources */,
				77FD9CAC1909B68900596D65 /* ServersTableViewController.m in Sources */,
				777AD19018C16C3100DC5E9F /* ASICloudFilesContainerXMLParserDelegate.m in Sources */,
				776B024C190F003200A6DA52 /* TreeFormViewController.m in Sources */,
				777AD18F18C16C3100DC5E9F /* ASICloudFilesContainerRequest.m in Sources */,
				777AD18A18C16C3100DC5E9F /* ASIInputStream.m in Sources */,
				77B5DA7C19002BE100DDDB00 /* Tree.m in Sources */,
				777AD19318C16C3100DC5E9F /* ASICloudFilesRequest.m in Sources */,
				777AD1CB18C6CAC400DC5E9F /* UsernameViewController.m in Sources */,
				777AD18C18C16C3100DC5E9F /* ASIWebPageRequest.m in Sources */,
				777AD18E18C16C3100DC5E9F /* ASICloudFilesContainer.m in Sources */,
				77B5DA801904BE9400DDDB00 /* UIAlertView+Block.m in Sources */,
				777AD19218C16C3100DC5E9F /* ASICloudFilesObjectRequest.m in Sources */,
				777AD10318C13EFE00DC5E9F /* main.m in Sources */,
				777AD18B18C16C3100DC5E9F /* ASINetworkQueue.m in Sources */,
				77288B0B18F4A0B500B97131 /* NotificationsTableViewController.m in Sources */,
				777AD19518C16C3100DC5E9F /* ASIS3BucketObject.m in Sources */,
				777AD18618C16C3100DC5E9F /* ASIDataDecompressor.m in Sources */,
				7700C5A6190A79E8005931BB /* ServerList.m in Sources */,
				777AD1BF18C5819A00DC5E9F /* BranchTableViewCell.m in Sources */,
				777AD19418C16C3100DC5E9F /* ASIS3Bucket.m in Sources */,
				77288B2B18F899DE00B97131 /* TTTAttributedLabel.m in Sources */,
				777AD19118C16C3100DC5E9F /* ASICloudFilesObject.m in Sources */,
				777AD18718C16C3100DC5E9F /* ASIDownloadCache.m in Sources */,
				777AD1C718C6BF6C00DC5E9F /* NSURL+txtbranch.m in Sources */,
				777F673318E515F8004093A8 /* UIView+Ext.m in Sources */,
				777AD1AA18C16C3100DC5E9F /* Reachability.m in Sources */,
			);
			runOnlyForDeploymentPostprocessing = 0;
		};
		777AD11018C13EFE00DC5E9F /* Sources */ = {
			isa = PBXSourcesBuildPhase;
			buildActionMask = 2147483647;
			files = (
				777AD12218C13EFE00DC5E9F /* txtbranchTests.m in Sources */,
			);
			runOnlyForDeploymentPostprocessing = 0;
		};
/* End PBXSourcesBuildPhase section */

/* Begin PBXTargetDependency section */
		777AD11A18C13EFE00DC5E9F /* PBXTargetDependency */ = {
			isa = PBXTargetDependency;
			target = 777AD0F218C13EFE00DC5E9F /* txtbranch */;
			targetProxy = 777AD11918C13EFE00DC5E9F /* PBXContainerItemProxy */;
		};
/* End PBXTargetDependency section */

/* Begin PBXVariantGroup section */
		777AD0FF18C13EFE00DC5E9F /* InfoPlist.strings */ = {
			isa = PBXVariantGroup;
			children = (
				777AD10018C13EFE00DC5E9F /* en */,
			);
			name = InfoPlist.strings;
			sourceTree = "<group>";
		};
		777AD10818C13EFE00DC5E9F /* Main.storyboard */ = {
			isa = PBXVariantGroup;
			children = (
				777AD10918C13EFE00DC5E9F /* Base */,
			);
			name = Main.storyboard;
			sourceTree = "<group>";
		};
		777AD11E18C13EFE00DC5E9F /* InfoPlist.strings */ = {
			isa = PBXVariantGroup;
			children = (
				777AD11F18C13EFE00DC5E9F /* en */,
			);
			name = InfoPlist.strings;
			sourceTree = "<group>";
		};
/* End PBXVariantGroup section */

/* Begin XCBuildConfiguration section */
		777AD12318C13EFE00DC5E9F /* Debug */ = {
			isa = XCBuildConfiguration;
			buildSettings = {
				ALWAYS_SEARCH_USER_PATHS = NO;
				CLANG_CXX_LANGUAGE_STANDARD = "gnu++0x";
				CLANG_CXX_LIBRARY = "libc++";
				CLANG_ENABLE_MODULES = YES;
				CLANG_ENABLE_OBJC_ARC = YES;
				CLANG_WARN_BOOL_CONVERSION = YES;
				CLANG_WARN_CONSTANT_CONVERSION = YES;
				CLANG_WARN_DIRECT_OBJC_ISA_USAGE = YES_ERROR;
				CLANG_WARN_EMPTY_BODY = YES;
				CLANG_WARN_ENUM_CONVERSION = YES;
				CLANG_WARN_INT_CONVERSION = YES;
				CLANG_WARN_OBJC_ROOT_CLASS = YES_ERROR;
				CLANG_WARN__DUPLICATE_METHOD_MATCH = YES;
				"CODE_SIGN_IDENTITY[sdk=iphoneos*]" = "iPhone Developer";
				COPY_PHASE_STRIP = NO;
				GCC_C_LANGUAGE_STANDARD = gnu99;
				GCC_DYNAMIC_NO_PIC = NO;
				GCC_OPTIMIZATION_LEVEL = 0;
				GCC_PREPROCESSOR_DEFINITIONS = (
					"DEBUG=1",
					"$(inherited)",
				);
				GCC_SYMBOLS_PRIVATE_EXTERN = NO;
				GCC_WARN_64_TO_32_BIT_CONVERSION = YES;
				GCC_WARN_ABOUT_RETURN_TYPE = YES_ERROR;
				GCC_WARN_UNDECLARED_SELECTOR = YES;
				GCC_WARN_UNINITIALIZED_AUTOS = YES;
				GCC_WARN_UNUSED_FUNCTION = YES;
				GCC_WARN_UNUSED_VARIABLE = YES;
				IPHONEOS_DEPLOYMENT_TARGET = 7.0;
				ONLY_ACTIVE_ARCH = YES;
				SDKROOT = iphoneos;
			};
			name = Debug;
		};
		777AD12418C13EFE00DC5E9F /* Release */ = {
			isa = XCBuildConfiguration;
			buildSettings = {
				ALWAYS_SEARCH_USER_PATHS = NO;
				CLANG_CXX_LANGUAGE_STANDARD = "gnu++0x";
				CLANG_CXX_LIBRARY = "libc++";
				CLANG_ENABLE_MODULES = YES;
				CLANG_ENABLE_OBJC_ARC = YES;
				CLANG_WARN_BOOL_CONVERSION = YES;
				CLANG_WARN_CONSTANT_CONVERSION = YES;
				CLANG_WARN_DIRECT_OBJC_ISA_USAGE = YES_ERROR;
				CLANG_WARN_EMPTY_BODY = YES;
				CLANG_WARN_ENUM_CONVERSION = YES;
				CLANG_WARN_INT_CONVERSION = YES;
				CLANG_WARN_OBJC_ROOT_CLASS = YES_ERROR;
				CLANG_WARN__DUPLICATE_METHOD_MATCH = YES;
				"CODE_SIGN_IDENTITY[sdk=iphoneos*]" = "iPhone Developer";
				COPY_PHASE_STRIP = YES;
				ENABLE_NS_ASSERTIONS = NO;
				GCC_C_LANGUAGE_STANDARD = gnu99;
				GCC_WARN_64_TO_32_BIT_CONVERSION = YES;
				GCC_WARN_ABOUT_RETURN_TYPE = YES_ERROR;
				GCC_WARN_UNDECLARED_SELECTOR = YES;
				GCC_WARN_UNINITIALIZED_AUTOS = YES;
				GCC_WARN_UNUSED_FUNCTION = YES;
				GCC_WARN_UNUSED_VARIABLE = YES;
				IPHONEOS_DEPLOYMENT_TARGET = 7.0;
				SDKROOT = iphoneos;
				VALIDATE_PRODUCT = YES;
			};
			name = Release;
		};
		777AD12618C13EFE00DC5E9F /* Debug */ = {
			isa = XCBuildConfiguration;
			buildSettings = {
				ASSETCATALOG_COMPILER_APPICON_NAME = AppIcon;
				ASSETCATALOG_COMPILER_LAUNCHIMAGE_NAME = LaunchImage;
				GCC_PRECOMPILE_PREFIX_HEADER = YES;
				GCC_PREFIX_HEADER = "txtbranch/txtbranch-Prefix.pch";
				HEADER_SEARCH_PATHS = (
					"$(inherited)",
					/Applications/Xcode.app/Contents/Developer/Toolchains/XcodeDefault.xctoolchain/usr/include,
					"${SDK_DIR}/usr/include/libxml2",
				);
				INFOPLIST_FILE = "txtbranch/txtbranch-Info.plist";
				PRODUCT_NAME = "$(TARGET_NAME)";
				WRAPPER_EXTENSION = app;
			};
			name = Debug;
		};
		777AD12718C13EFE00DC5E9F /* Release */ = {
			isa = XCBuildConfiguration;
			buildSettings = {
				ASSETCATALOG_COMPILER_APPICON_NAME = AppIcon;
				ASSETCATALOG_COMPILER_LAUNCHIMAGE_NAME = LaunchImage;
				GCC_PRECOMPILE_PREFIX_HEADER = YES;
				GCC_PREFIX_HEADER = "txtbranch/txtbranch-Prefix.pch";
				HEADER_SEARCH_PATHS = (
					"$(inherited)",
					/Applications/Xcode.app/Contents/Developer/Toolchains/XcodeDefault.xctoolchain/usr/include,
					"${SDK_DIR}/usr/include/libxml2",
				);
				INFOPLIST_FILE = "txtbranch/txtbranch-Info.plist";
				PRODUCT_NAME = "$(TARGET_NAME)";
				WRAPPER_EXTENSION = app;
			};
			name = Release;
		};
		777AD12918C13EFE00DC5E9F /* Debug */ = {
			isa = XCBuildConfiguration;
			buildSettings = {
				BUNDLE_LOADER = "$(BUILT_PRODUCTS_DIR)/txtbranch.app/txtbranch";
				FRAMEWORK_SEARCH_PATHS = (
					"$(SDKROOT)/Developer/Library/Frameworks",
					"$(inherited)",
					"$(DEVELOPER_FRAMEWORKS_DIR)",
				);
				GCC_PRECOMPILE_PREFIX_HEADER = YES;
				GCC_PREFIX_HEADER = "txtbranch/txtbranch-Prefix.pch";
				GCC_PREPROCESSOR_DEFINITIONS = (
					"DEBUG=1",
					"$(inherited)",
				);
				INFOPLIST_FILE = "txtbranchTests/txtbranchTests-Info.plist";
				PRODUCT_NAME = "$(TARGET_NAME)";
				TEST_HOST = "$(BUNDLE_LOADER)";
				WRAPPER_EXTENSION = xctest;
			};
			name = Debug;
		};
		777AD12A18C13EFE00DC5E9F /* Release */ = {
			isa = XCBuildConfiguration;
			buildSettings = {
				BUNDLE_LOADER = "$(BUILT_PRODUCTS_DIR)/txtbranch.app/txtbranch";
				FRAMEWORK_SEARCH_PATHS = (
					"$(SDKROOT)/Developer/Library/Frameworks",
					"$(inherited)",
					"$(DEVELOPER_FRAMEWORKS_DIR)",
				);
				GCC_PRECOMPILE_PREFIX_HEADER = YES;
				GCC_PREFIX_HEADER = "txtbranch/txtbranch-Prefix.pch";
				INFOPLIST_FILE = "txtbranchTests/txtbranchTests-Info.plist";
				PRODUCT_NAME = "$(TARGET_NAME)";
				TEST_HOST = "$(BUNDLE_LOADER)";
				WRAPPER_EXTENSION = xctest;
			};
			name = Release;
		};
/* End XCBuildConfiguration section */

/* Begin XCConfigurationList section */
		777AD0EE18C13EFD00DC5E9F /* Build configuration list for PBXProject "txtbranch" */ = {
			isa = XCConfigurationList;
			buildConfigurations = (
				777AD12318C13EFE00DC5E9F /* Debug */,
				777AD12418C13EFE00DC5E9F /* Release */,
			);
			defaultConfigurationIsVisible = 0;
			defaultConfigurationName = Release;
		};
		777AD12518C13EFE00DC5E9F /* Build configuration list for PBXNativeTarget "txtbranch" */ = {
			isa = XCConfigurationList;
			buildConfigurations = (
				777AD12618C13EFE00DC5E9F /* Debug */,
				777AD12718C13EFE00DC5E9F /* Release */,
			);
			defaultConfigurationIsVisible = 0;
			defaultConfigurationName = Release;
		};
		777AD12818C13EFE00DC5E9F /* Build configuration list for PBXNativeTarget "txtbranchTests" */ = {
			isa = XCConfigurationList;
			buildConfigurations = (
				777AD12918C13EFE00DC5E9F /* Debug */,
				777AD12A18C13EFE00DC5E9F /* Release */,
			);
			defaultConfigurationIsVisible = 0;
			defaultConfigurationName = Release;
		};
/* End XCConfigurationList section */
	};
	rootObject = 777AD0EB18C13EFD00DC5E9F /* Project object */;
}
